{
  "version": 4,
  "terraform_version": "1.10.5",
  "serial": 39,
  "lineage": "58cab635-b935-2f10-367f-baab72a762f2",
  "outputs": {
    "key_name": {
      "value": "ssh-mensagl-2025-diegorr",
      "type": "string"
    },
    "private_key": {
      "value": "-----BEGIN RSA PRIVATE KEY-----\nMIIEpAIBAAKCAQEAvpxKc6adsDGxbEAfNkRIvlr922GYW1l66O4q0kACjzn29BmE\nHrVIWZld9Oc6iG6ux172/Q7RpFziw7AywkDFGUcNa3VXTH14D6wEQqOu0RZyzCrJ\nMCQrd3Ge+fI7lHsInAa3tl9NDe6xUTyJQoLKhNenKf4fa85Y6J52NJCirV0t2QK/\nRGx75d0mkVwMrspj3MjC6Y7n4NYXBNyt9jaKPf4QLU+K5TqHnGNiVSzwRLlzYAtM\nN0QTzVMZw+Nw/mFRpFdAYmv9L56Ud71+0q6+Iu66+ZeLZ+h1jYJ+9bPXZ/Irfj59\naIyNNZPScvjnYTU3iz2QhxyrG2iB3vp6lxREdwIDAQABAoIBAHyq3EcoAprq5ZBX\noBJuNuXJvZ9vBac5rxoKLBe3pfTnhI3C4pbzGo7/sGQtmCsDuWzMv95jgtptpiM3\navuCQWd3AV/3L1Hn/k7Bw0eSpxQ6CntewJesEIHe3ou70xwaHFdwTVgKnOsv4umv\nHldSFAMuyTa97u8j1yLOAaH/t2aLGiqwirnNn1HE4rWDF7qPnSOQuOinzrz8gHq1\na2gTY6/BAjppcw4IJ6ex8hWy0B10pvlHfjFOPW4LwOy3ahghHUNxhHSSKotkXJY4\nAbhKRevHxRc+SwGPK3rUOREWVZpJR1neHiejEHMmX24mDmeXZiS0GekSTf3i4nHO\nIOMENAECgYEA25L55DujtxWleCxaJhlrn67yAR7e2DiNcIIunonkPnhNRL0tgKdi\ndNnFxrrbHC8880B7DJSJy6CSZ3T4pMHmWz03Pf3XgQhk5sc7xQSDalFDa5qCpEOC\nM1/jrAJMV0LV459kdSXdo7yWty65WV/aw5lnPouHFgtn7SPMi4xvV5cCgYEA3jtE\npIEjNTF4cV3OUNuoNFhf/9k1UgqkNc3xxj2ZzHhbKa+Dhjsyb+4h/ixNltRiASOW\nCHI0mpFqgmITFSZW56jgUg1LxUULw1FmKF0+Wqm9XYUX8oO0oj/4JcSVnXpCZgxN\n/eflVPA0Utq4K2dHc0yOX5GiDuXbHsjXPxzFFiECgYEAlQnaXLSul2M2Aa/5MMso\nZicVVPVjRVh9iNSUWEA4kL6PlAzkieMTzUTUHeRPPX5C3Mnzu8JHFdRUC6016H9E\noMGYcZePY6IS+yJYy44YtV2babpi2qSIB98aZnLY5pITJIHYajvdiXpEwuoQHT4W\n+5Vwot+KPchYLnqSKFaWbNkCgYB24DtiyBV+Ud08v1Iq3KVIgvGvWZB1N24JvgWT\n5sXLo6IYVWPEvQvI5hhW73n9sdRPCasrD3RmLl1MK4xLpvub5jFAkw4yEzIso/FC\nrEY7l0rNqPFbb+qDVDa4dUUXPRwhnHln1dFOM0O6Ane79/43hf8uzidjUr944zSI\n9SnUIQKBgQCbQ2xTaj5RfqnPZWQMpDECTpaCzDzIs1u3lRDGBfXZUdBn8DbUkmuw\ncDVGchG1aqRdmibSrTREX7BjMQDsvZIYBO1Xll/SpY9WjwkHdEnObBIje8E2yQ8P\nrfSsN/zpMwRH4uS6pRXtaVxY0P+/qtczkQocszCYzi4VWJyJWYyQkA==\n-----END RSA PRIVATE KEY-----\n",
      "type": "string",
      "sensitive": true
    }
  },
  "resources": [
    {
      "mode": "managed",
      "type": "aws_db_instance",
      "name": "MySQL_Wordpress",
      "provider": "provider[\"registry.terraform.io/hashicorp/aws\"]",
      "instances": [
        {
          "schema_version": 2,
          "attributes": {
            "address": "mysql-wordpress.cqcyqy53dnct.us-east-1.rds.amazonaws.com",
            "allocated_storage": 10,
            "allow_major_version_upgrade": null,
            "apply_immediately": false,
            "arn": "arn:aws:rds:us-east-1:602216824637:db:mysql-wordpress",
            "auto_minor_version_upgrade": true,
            "availability_zone": "us-east-1b",
            "backup_retention_period": 30,
            "backup_target": "region",
            "backup_window": "06:56-07:26",
            "blue_green_update": [],
            "ca_cert_identifier": "rds-ca-rsa2048-g1",
            "character_set_name": "",
            "copy_tags_to_snapshot": false,
            "custom_iam_instance_profile": "",
            "customer_owned_ip_enabled": false,
            "db_name": "wordpress",
            "db_subnet_group_name": "mysql_subnet_group",
            "dedicated_log_volume": false,
            "delete_automated_backups": true,
            "deletion_protection": false,
            "domain": "",
            "domain_auth_secret_arn": "",
            "domain_dns_ips": null,
            "domain_fqdn": "",
            "domain_iam_role_name": "",
            "domain_ou": "",
            "enabled_cloudwatch_logs_exports": null,
            "endpoint": "mysql-wordpress.cqcyqy53dnct.us-east-1.rds.amazonaws.com:3306",
            "engine": "mysql",
            "engine_lifecycle_support": "open-source-rds-extended-support",
            "engine_version": "8.0",
            "engine_version_actual": "8.0.40",
            "final_snapshot_identifier": null,
            "hosted_zone_id": "Z2R2ITUGPM61AM",
            "iam_database_authentication_enabled": false,
            "id": "db-T5AQOVP7QNBOQYL5N2YYZM2R4Y",
            "identifier": "mysql-wordpress",
            "identifier_prefix": "",
            "instance_class": "db.t3.medium",
            "iops": 0,
            "kms_key_id": "arn:aws:kms:us-east-1:602216824637:key/5e48c367-ae6f-4641-9be4-55d736bda0b2",
            "latest_restorable_time": "2025-02-12T08:26:30Z",
            "license_model": "general-public-license",
            "listener_endpoint": [],
            "maintenance_window": "mon:09:09-mon:09:39",
            "manage_master_user_password": null,
            "master_user_secret": [],
            "master_user_secret_kms_key_id": null,
            "max_allocated_storage": 0,
            "monitoring_interval": 0,
            "monitoring_role_arn": "",
            "multi_az": false,
            "nchar_character_set_name": "",
            "network_type": "IPV4",
            "option_group_name": "default:mysql-8-0",
            "parameter_group_name": "default.mysql8.0",
            "password": "_Admin123",
            "performance_insights_enabled": false,
            "performance_insights_kms_key_id": "",
            "performance_insights_retention_period": 0,
            "port": 3306,
            "publicly_accessible": false,
            "replica_mode": "",
            "replicas": [],
            "replicate_source_db": "",
            "resource_id": "db-T5AQOVP7QNBOQYL5N2YYZM2R4Y",
            "restore_to_point_in_time": [],
            "s3_import": [],
            "skip_final_snapshot": true,
            "snapshot_identifier": null,
            "status": "available",
            "storage_encrypted": true,
            "storage_throughput": 0,
            "storage_type": "gp2",
            "tags": {
              "Name": "MySQL_Wordpress"
            },
            "tags_all": {
              "Name": "MySQL_Wordpress"
            },
            "timeouts": null,
            "timezone": "",
            "upgrade_storage_config": null,
            "username": "wordpress",
            "vpc_security_group_ids": [
              "sg-04cdac337d5fc708c"
            ]
          },
          "sensitive_attributes": [
            [
              {
                "type": "get_attr",
                "value": "password"
              }
            ]
          ],
          "private": "eyJlMmJmYjczMC1lY2FhLTExZTYtOGY4OC0zNDM2M2JjN2M0YzAiOnsiY3JlYXRlIjozMDAwMDAwMDAwMDAwLCJkZWxldGUiOjM2MDAwMDAwMDAwMDAsInVwZGF0ZSI6NDgwMDAwMDAwMDAwMH0sInNjaGVtYV92ZXJzaW9uIjoiMiJ9",
          "dependencies": [
            "aws_db_subnet_group.cms_subnet_group",
            "aws_kms_key.default",
            "aws_security_group.sg_mysql",
            "aws_subnet.private1",
            "aws_subnet.private2",
            "aws_vpc.main"
          ]
        }
      ]
    },
    {
      "mode": "managed",
      "type": "aws_db_subnet_group",
      "name": "cms_subnet_group",
      "provider": "provider[\"registry.terraform.io/hashicorp/aws\"]",
      "instances": [
        {
          "schema_version": 0,
          "attributes": {
            "arn": "arn:aws:rds:us-east-1:602216824637:subgrp:mysql_subnet_group",
            "description": "Managed by Terraform",
            "id": "mysql_subnet_group",
            "name": "mysql_subnet_group",
            "name_prefix": "",
            "subnet_ids": [
              "subnet-0ab8b4041da2a2785",
              "subnet-0cf9da0526d5a37df"
            ],
            "supported_network_types": [
              "IPV4"
            ],
            "tags": {
              "Name": "mysql-subnet-group"
            },
            "tags_all": {
              "Name": "mysql-subnet-group"
            },
            "vpc_id": "vpc-0544536dd489a95f5"
          },
          "sensitive_attributes": [],
          "private": "bnVsbA==",
          "dependencies": [
            "aws_subnet.private1",
            "aws_subnet.private2",
            "aws_vpc.main"
          ]
        }
      ]
    },
    {
      "mode": "managed",
      "type": "aws_ebs_volume",
      "name": "volume1",
      "provider": "provider[\"registry.terraform.io/hashicorp/aws\"]",
      "instances": [
        {
          "schema_version": 0,
          "attributes": {
            "arn": "arn:aws:ec2:us-east-1:602216824637:volume/vol-002917a397e90d02a",
            "availability_zone": "us-east-1a",
            "encrypted": false,
            "final_snapshot": false,
            "id": "vol-002917a397e90d02a",
            "iops": 100,
            "kms_key_id": "",
            "multi_attach_enabled": false,
            "outpost_arn": "",
            "size": 20,
            "snapshot_id": "",
            "tags": {
              "Name": "backup-volume-1-diegorr"
            },
            "tags_all": {
              "Name": "backup-volume-1-diegorr"
            },
            "throughput": 0,
            "timeouts": null,
            "type": "gp2"
          },
          "sensitive_attributes": [],
          "private": "eyJlMmJmYjczMC1lY2FhLTExZTYtOGY4OC0zNDM2M2JjN2M0YzAiOnsiY3JlYXRlIjozMDAwMDAwMDAwMDAsImRlbGV0ZSI6NjAwMDAwMDAwMDAwLCJ1cGRhdGUiOjMwMDAwMDAwMDAwMH19"
        }
      ]
    },
    {
      "mode": "managed",
      "type": "aws_ebs_volume",
      "name": "volume2",
      "provider": "provider[\"registry.terraform.io/hashicorp/aws\"]",
      "instances": [
        {
          "schema_version": 0,
          "attributes": {
            "arn": "arn:aws:ec2:us-east-1:602216824637:volume/vol-0fffe2da2cb7939b7",
            "availability_zone": "us-east-1a",
            "encrypted": false,
            "final_snapshot": false,
            "id": "vol-0fffe2da2cb7939b7",
            "iops": 100,
            "kms_key_id": "",
            "multi_attach_enabled": false,
            "outpost_arn": "",
            "size": 20,
            "snapshot_id": "",
            "tags": {
              "Name": "backup-volume-2-diegorr"
            },
            "tags_all": {
              "Name": "backup-volume-2-diegorr"
            },
            "throughput": 0,
            "timeouts": null,
            "type": "gp2"
          },
          "sensitive_attributes": [],
          "private": "eyJlMmJmYjczMC1lY2FhLTExZTYtOGY4OC0zNDM2M2JjN2M0YzAiOnsiY3JlYXRlIjozMDAwMDAwMDAwMDAsImRlbGV0ZSI6NjAwMDAwMDAwMDAwLCJ1cGRhdGUiOjMwMDAwMDAwMDAwMH19"
        }
      ]
    },
    {
      "mode": "managed",
      "type": "aws_eip",
      "name": "nat",
      "provider": "provider[\"registry.terraform.io/hashicorp/aws\"]",
      "instances": [
        {
          "schema_version": 0,
          "attributes": {
            "address": null,
            "allocation_id": "eipalloc-09e8cd1a0f044591a",
            "arn": "arn:aws:ec2:us-east-1:602216824637:elastic-ip/eipalloc-09e8cd1a0f044591a",
            "associate_with_private_ip": null,
            "association_id": "",
            "carrier_ip": "",
            "customer_owned_ip": "",
            "customer_owned_ipv4_pool": "",
            "domain": "vpc",
            "id": "eipalloc-09e8cd1a0f044591a",
            "instance": "",
            "ipam_pool_id": null,
            "network_border_group": "us-east-1",
            "network_interface": "",
            "private_dns": null,
            "private_ip": "",
            "ptr_record": "",
            "public_dns": "ec2-107-20-215-38.compute-1.amazonaws.com",
            "public_ip": "107.20.215.38",
            "public_ipv4_pool": "amazon",
            "tags": {
              "Name": "vpc-mensagl-2025-diegorr-eip"
            },
            "tags_all": {
              "Name": "vpc-mensagl-2025-diegorr-eip"
            },
            "timeouts": null,
            "vpc": true
          },
          "sensitive_attributes": [],
          "private": "eyJlMmJmYjczMC1lY2FhLTExZTYtOGY4OC0zNDM2M2JjN2M0YzAiOnsiZGVsZXRlIjoxODAwMDAwMDAwMDAsInJlYWQiOjkwMDAwMDAwMDAwMCwidXBkYXRlIjozMDAwMDAwMDAwMDB9fQ=="
        }
      ]
    },
    {
      "mode": "managed",
      "type": "aws_instance",
      "name": "NAS",
      "provider": "provider[\"registry.terraform.io/hashicorp/aws\"]",
      "instances": [
        {
          "schema_version": 1,
          "attributes": {
            "ami": "ami-053b0d53c279acc90",
            "arn": "arn:aws:ec2:us-east-1:602216824637:instance/i-0a4434316436df958",
            "associate_public_ip_address": false,
            "availability_zone": "us-east-1a",
            "capacity_reservation_specification": [
              {
                "capacity_reservation_preference": "open",
                "capacity_reservation_target": []
              }
            ],
            "cpu_core_count": 1,
            "cpu_options": [
              {
                "amd_sev_snp": "",
                "core_count": 1,
                "threads_per_core": 1
              }
            ],
            "cpu_threads_per_core": 1,
            "credit_specification": [
              {
                "cpu_credits": "standard"
              }
            ],
            "disable_api_stop": false,
            "disable_api_termination": false,
            "ebs_block_device": [],
            "ebs_optimized": false,
            "enable_primary_ipv6": null,
            "enclave_options": [
              {
                "enabled": false
              }
            ],
            "ephemeral_block_device": [],
            "get_password_data": false,
            "hibernation": false,
            "host_id": "",
            "host_resource_group_arn": null,
            "iam_instance_profile": "",
            "id": "i-0a4434316436df958",
            "instance_initiated_shutdown_behavior": "stop",
            "instance_lifecycle": "",
            "instance_market_options": [],
            "instance_state": "running",
            "instance_type": "t2.micro",
            "ipv6_address_count": 0,
            "ipv6_addresses": [],
            "key_name": "ssh-mensagl-2025-diegorr",
            "launch_template": [],
            "maintenance_options": [
              {
                "auto_recovery": "default"
              }
            ],
            "metadata_options": [
              {
                "http_endpoint": "enabled",
                "http_protocol_ipv6": "disabled",
                "http_put_response_hop_limit": 1,
                "http_tokens": "optional",
                "instance_metadata_tags": "disabled"
              }
            ],
            "monitoring": false,
            "network_interface": [],
            "outpost_arn": "",
            "password_data": "",
            "placement_group": "",
            "placement_partition_number": 0,
            "primary_network_interface_id": "eni-017cac2c3472ce369",
            "private_dns": "ip-10-226-2-150.ec2.internal",
            "private_dns_name_options": [
              {
                "enable_resource_name_dns_a_record": false,
                "enable_resource_name_dns_aaaa_record": false,
                "hostname_type": "ip-name"
              }
            ],
            "private_ip": "10.226.2.150",
            "public_dns": "",
            "public_ip": "",
            "root_block_device": [
              {
                "delete_on_termination": true,
                "device_name": "/dev/sda1",
                "encrypted": false,
                "iops": 100,
                "kms_key_id": "",
                "tags": {},
                "tags_all": {},
                "throughput": 0,
                "volume_id": "vol-080c727855ab8b84f",
                "volume_size": 8,
                "volume_type": "gp2"
              }
            ],
            "secondary_private_ips": [],
            "security_groups": [],
            "source_dest_check": true,
            "spot_instance_request_id": "",
            "subnet_id": "subnet-0ab8b4041da2a2785",
            "tags": {
              "Name": "NAS"
            },
            "tags_all": {
              "Name": "NAS"
            },
            "tenancy": "default",
            "timeouts": null,
            "user_data": null,
            "user_data_base64": null,
            "user_data_replace_on_change": false,
            "volume_tags": null,
            "vpc_security_group_ids": [
              "sg-05ca5c6318221179d"
            ]
          },
          "sensitive_attributes": [],
          "private": "eyJlMmJmYjczMC1lY2FhLTExZTYtOGY4OC0zNDM2M2JjN2M0YzAiOnsiY3JlYXRlIjo2MDAwMDAwMDAwMDAsImRlbGV0ZSI6MTIwMDAwMDAwMDAwMCwicmVhZCI6OTAwMDAwMDAwMDAwLCJ1cGRhdGUiOjYwMDAwMDAwMDAwMH0sInNjaGVtYV92ZXJzaW9uIjoiMSJ9",
          "dependencies": [
            "aws_ebs_volume.volume1",
            "aws_ebs_volume.volume2",
            "aws_instance.nginx",
            "aws_key_pair.ssh_key",
            "aws_security_group.sg_nas",
            "aws_security_group.sg_nginx",
            "aws_security_group.sg_xmpp",
            "aws_subnet.private1",
            "aws_subnet.private2",
            "aws_subnet.public1",
            "aws_vpc.main",
            "tls_private_key.ssh_key"
          ]
        }
      ]
    },
    {
      "mode": "managed",
      "type": "aws_instance",
      "name": "Wordpress",
      "provider": "provider[\"registry.terraform.io/hashicorp/aws\"]",
      "instances": [
        {
          "schema_version": 1,
          "attributes": {
            "ami": "ami-053b0d53c279acc90",
            "arn": "arn:aws:ec2:us-east-1:602216824637:instance/i-00aeacc0ccc7cc6e7",
            "associate_public_ip_address": false,
            "availability_zone": "us-east-1b",
            "capacity_reservation_specification": [
              {
                "capacity_reservation_preference": "open",
                "capacity_reservation_target": []
              }
            ],
            "cpu_core_count": 1,
            "cpu_options": [
              {
                "amd_sev_snp": "",
                "core_count": 1,
                "threads_per_core": 1
              }
            ],
            "cpu_threads_per_core": 1,
            "credit_specification": [
              {
                "cpu_credits": "standard"
              }
            ],
            "disable_api_stop": false,
            "disable_api_termination": false,
            "ebs_block_device": [],
            "ebs_optimized": false,
            "enable_primary_ipv6": null,
            "enclave_options": [
              {
                "enabled": false
              }
            ],
            "ephemeral_block_device": [],
            "get_password_data": false,
            "hibernation": false,
            "host_id": "",
            "host_resource_group_arn": null,
            "iam_instance_profile": "",
            "id": "i-00aeacc0ccc7cc6e7",
            "instance_initiated_shutdown_behavior": "stop",
            "instance_lifecycle": "",
            "instance_market_options": [],
            "instance_state": "running",
            "instance_type": "t2.micro",
            "ipv6_address_count": 0,
            "ipv6_addresses": [],
            "key_name": "ssh-mensagl-2025-diegorr",
            "launch_template": [],
            "maintenance_options": [
              {
                "auto_recovery": "default"
              }
            ],
            "metadata_options": [
              {
                "http_endpoint": "enabled",
                "http_protocol_ipv6": "disabled",
                "http_put_response_hop_limit": 1,
                "http_tokens": "optional",
                "instance_metadata_tags": "disabled"
              }
            ],
            "monitoring": false,
            "network_interface": [],
            "outpost_arn": "",
            "password_data": "",
            "placement_group": "",
            "placement_partition_number": 0,
            "primary_network_interface_id": "eni-05109a1224e280f4a",
            "private_dns": "ip-10-226-3-100.ec2.internal",
            "private_dns_name_options": [
              {
                "enable_resource_name_dns_a_record": false,
                "enable_resource_name_dns_aaaa_record": false,
                "hostname_type": "ip-name"
              }
            ],
            "private_ip": "10.226.3.100",
            "public_dns": "",
            "public_ip": "",
            "root_block_device": [
              {
                "delete_on_termination": true,
                "device_name": "/dev/sda1",
                "encrypted": false,
                "iops": 100,
                "kms_key_id": "",
                "tags": {},
                "tags_all": {},
                "throughput": 0,
                "volume_id": "vol-03e0d432f28f3a729",
                "volume_size": 8,
                "volume_type": "gp2"
              }
            ],
            "secondary_private_ips": [],
            "security_groups": [],
            "source_dest_check": true,
            "spot_instance_request_id": "",
            "subnet_id": "subnet-0cf9da0526d5a37df",
            "tags": {
              "Name": "WORDPRESS"
            },
            "tags_all": {
              "Name": "WORDPRESS"
            },
            "tenancy": "default",
            "timeouts": null,
            "user_data": null,
            "user_data_base64": null,
            "user_data_replace_on_change": false,
            "volume_tags": null,
            "vpc_security_group_ids": [
              "sg-0b4f31e6de8fdfd7b"
            ]
          },
          "sensitive_attributes": [],
          "private": "eyJlMmJmYjczMC1lY2FhLTExZTYtOGY4OC0zNDM2M2JjN2M0YzAiOnsiY3JlYXRlIjo2MDAwMDAwMDAwMDAsImRlbGV0ZSI6MTIwMDAwMDAwMDAwMCwicmVhZCI6OTAwMDAwMDAwMDAwLCJ1cGRhdGUiOjYwMDAwMDAwMDAwMH0sInNjaGVtYV92ZXJzaW9uIjoiMSJ9",
          "dependencies": [
            "aws_db_instance.MySQL_Wordpress",
            "aws_db_subnet_group.cms_subnet_group",
            "aws_instance.nginx",
            "aws_key_pair.ssh_key",
            "aws_kms_key.default",
            "aws_security_group.sg_cms",
            "aws_security_group.sg_mysql",
            "aws_security_group.sg_nginx",
            "aws_security_group.sg_xmpp",
            "aws_subnet.private1",
            "aws_subnet.private2",
            "aws_subnet.public1",
            "aws_vpc.main",
            "tls_private_key.ssh_key"
          ]
        }
      ]
    },
    {
      "mode": "managed",
      "type": "aws_instance",
      "name": "Wordpress2",
      "provider": "provider[\"registry.terraform.io/hashicorp/aws\"]",
      "instances": [
        {
          "schema_version": 1,
          "attributes": {
            "ami": "ami-053b0d53c279acc90",
            "arn": "arn:aws:ec2:us-east-1:602216824637:instance/i-0ef9569fb53404f13",
            "associate_public_ip_address": false,
            "availability_zone": "us-east-1b",
            "capacity_reservation_specification": [
              {
                "capacity_reservation_preference": "open",
                "capacity_reservation_target": []
              }
            ],
            "cpu_core_count": 1,
            "cpu_options": [
              {
                "amd_sev_snp": "",
                "core_count": 1,
                "threads_per_core": 1
              }
            ],
            "cpu_threads_per_core": 1,
            "credit_specification": [
              {
                "cpu_credits": "standard"
              }
            ],
            "disable_api_stop": false,
            "disable_api_termination": false,
            "ebs_block_device": [],
            "ebs_optimized": false,
            "enable_primary_ipv6": null,
            "enclave_options": [
              {
                "enabled": false
              }
            ],
            "ephemeral_block_device": [],
            "get_password_data": false,
            "hibernation": false,
            "host_id": "",
            "host_resource_group_arn": null,
            "iam_instance_profile": "",
            "id": "i-0ef9569fb53404f13",
            "instance_initiated_shutdown_behavior": "stop",
            "instance_lifecycle": "",
            "instance_market_options": [],
            "instance_state": "running",
            "instance_type": "t2.micro",
            "ipv6_address_count": 0,
            "ipv6_addresses": [],
            "key_name": "ssh-mensagl-2025-diegorr",
            "launch_template": [],
            "maintenance_options": [
              {
                "auto_recovery": "default"
              }
            ],
            "metadata_options": [
              {
                "http_endpoint": "enabled",
                "http_protocol_ipv6": "disabled",
                "http_put_response_hop_limit": 1,
                "http_tokens": "optional",
                "instance_metadata_tags": "disabled"
              }
            ],
            "monitoring": false,
            "network_interface": [],
            "outpost_arn": "",
            "password_data": "",
            "placement_group": "",
            "placement_partition_number": 0,
            "primary_network_interface_id": "eni-0f4add3185ea09421",
            "private_dns": "ip-10-226-3-101.ec2.internal",
            "private_dns_name_options": [
              {
                "enable_resource_name_dns_a_record": false,
                "enable_resource_name_dns_aaaa_record": false,
                "hostname_type": "ip-name"
              }
            ],
            "private_ip": "10.226.3.101",
            "public_dns": "",
            "public_ip": "",
            "root_block_device": [
              {
                "delete_on_termination": true,
                "device_name": "/dev/sda1",
                "encrypted": false,
                "iops": 100,
                "kms_key_id": "",
                "tags": {},
                "tags_all": {},
                "throughput": 0,
                "volume_id": "vol-0d1fe84c3e6c89e24",
                "volume_size": 8,
                "volume_type": "gp2"
              }
            ],
            "secondary_private_ips": [],
            "security_groups": [],
            "source_dest_check": true,
            "spot_instance_request_id": "",
            "subnet_id": "subnet-0cf9da0526d5a37df",
            "tags": {
              "Name": "WORDPRESS-2"
            },
            "tags_all": {
              "Name": "WORDPRESS-2"
            },
            "tenancy": "default",
            "timeouts": null,
            "user_data": null,
            "user_data_base64": null,
            "user_data_replace_on_change": false,
            "volume_tags": null,
            "vpc_security_group_ids": [
              "sg-0b4f31e6de8fdfd7b"
            ]
          },
          "sensitive_attributes": [],
          "private": "eyJlMmJmYjczMC1lY2FhLTExZTYtOGY4OC0zNDM2M2JjN2M0YzAiOnsiY3JlYXRlIjo2MDAwMDAwMDAwMDAsImRlbGV0ZSI6MTIwMDAwMDAwMDAwMCwicmVhZCI6OTAwMDAwMDAwMDAwLCJ1cGRhdGUiOjYwMDAwMDAwMDAwMH0sInNjaGVtYV92ZXJzaW9uIjoiMSJ9",
          "dependencies": [
            "aws_db_instance.MySQL_Wordpress",
            "aws_db_subnet_group.cms_subnet_group",
            "aws_instance.Wordpress",
            "aws_instance.nginx",
            "aws_key_pair.ssh_key",
            "aws_kms_key.default",
            "aws_security_group.sg_cms",
            "aws_security_group.sg_mysql",
            "aws_security_group.sg_nginx",
            "aws_security_group.sg_xmpp",
            "aws_subnet.private1",
            "aws_subnet.private2",
            "aws_subnet.public1",
            "aws_vpc.main",
            "tls_private_key.ssh_key"
          ]
        }
      ]
    },
    {
      "mode": "managed",
      "type": "aws_instance",
      "name": "XMPP-database-maestro",
      "provider": "provider[\"registry.terraform.io/hashicorp/aws\"]",
      "instances": [
        {
          "schema_version": 1,
          "attributes": {
            "ami": "ami-053b0d53c279acc90",
            "arn": "arn:aws:ec2:us-east-1:602216824637:instance/i-0e155b0427130905f",
            "associate_public_ip_address": false,
            "availability_zone": "us-east-1a",
            "capacity_reservation_specification": [
              {
                "capacity_reservation_preference": "open",
                "capacity_reservation_target": []
              }
            ],
            "cpu_core_count": 1,
            "cpu_options": [
              {
                "amd_sev_snp": "",
                "core_count": 1,
                "threads_per_core": 1
              }
            ],
            "cpu_threads_per_core": 1,
            "credit_specification": [
              {
                "cpu_credits": "standard"
              }
            ],
            "disable_api_stop": false,
            "disable_api_termination": false,
            "ebs_block_device": [],
            "ebs_optimized": false,
            "enable_primary_ipv6": null,
            "enclave_options": [
              {
                "enabled": false
              }
            ],
            "ephemeral_block_device": [],
            "get_password_data": false,
            "hibernation": false,
            "host_id": "",
            "host_resource_group_arn": null,
            "iam_instance_profile": "",
            "id": "i-0e155b0427130905f",
            "instance_initiated_shutdown_behavior": "stop",
            "instance_lifecycle": "",
            "instance_market_options": [],
            "instance_state": "running",
            "instance_type": "t2.micro",
            "ipv6_address_count": 0,
            "ipv6_addresses": [],
            "key_name": "ssh-mensagl-2025-diegorr",
            "launch_template": [],
            "maintenance_options": [
              {
                "auto_recovery": "default"
              }
            ],
            "metadata_options": [
              {
                "http_endpoint": "enabled",
                "http_protocol_ipv6": "disabled",
                "http_put_response_hop_limit": 1,
                "http_tokens": "optional",
                "instance_metadata_tags": "disabled"
              }
            ],
            "monitoring": false,
            "network_interface": [],
            "outpost_arn": "",
            "password_data": "",
            "placement_group": "",
            "placement_partition_number": 0,
            "primary_network_interface_id": "eni-07b4381f084008083",
            "private_dns": "ip-10-226-2-200.ec2.internal",
            "private_dns_name_options": [
              {
                "enable_resource_name_dns_a_record": false,
                "enable_resource_name_dns_aaaa_record": false,
                "hostname_type": "ip-name"
              }
            ],
            "private_ip": "10.226.2.200",
            "public_dns": "",
            "public_ip": "",
            "root_block_device": [
              {
                "delete_on_termination": true,
                "device_name": "/dev/sda1",
                "encrypted": false,
                "iops": 100,
                "kms_key_id": "",
                "tags": {},
                "tags_all": {},
                "throughput": 0,
                "volume_id": "vol-034eefc6c0114e31c",
                "volume_size": 8,
                "volume_type": "gp2"
              }
            ],
            "secondary_private_ips": [],
            "security_groups": [],
            "source_dest_check": true,
            "spot_instance_request_id": "",
            "subnet_id": "subnet-0ab8b4041da2a2785",
            "tags": {
              "Name": "Mysql_Openfire_maestro"
            },
            "tags_all": {
              "Name": "Mysql_Openfire_maestro"
            },
            "tenancy": "default",
            "timeouts": null,
            "user_data": "7263d94a9d432ebc18c5161493c823f2c59fbb51",
            "user_data_base64": null,
            "user_data_replace_on_change": false,
            "volume_tags": null,
            "vpc_security_group_ids": [
              "sg-04cdac337d5fc708c"
            ]
          },
          "sensitive_attributes": [],
          "private": "eyJlMmJmYjczMC1lY2FhLTExZTYtOGY4OC0zNDM2M2JjN2M0YzAiOnsiY3JlYXRlIjo2MDAwMDAwMDAwMDAsImRlbGV0ZSI6MTIwMDAwMDAwMDAwMCwicmVhZCI6OTAwMDAwMDAwMDAwLCJ1cGRhdGUiOjYwMDAwMDAwMDAwMH0sInNjaGVtYV92ZXJzaW9uIjoiMSJ9",
          "dependencies": [
            "aws_instance.nginx",
            "aws_key_pair.ssh_key",
            "aws_security_group.sg_mysql",
            "aws_security_group.sg_nginx",
            "aws_security_group.sg_xmpp",
            "aws_subnet.private1",
            "aws_subnet.public1",
            "aws_vpc.main",
            "tls_private_key.ssh_key"
          ]
        }
      ]
    },
    {
      "mode": "managed",
      "type": "aws_instance",
      "name": "XMPP-database-replica",
      "provider": "provider[\"registry.terraform.io/hashicorp/aws\"]",
      "instances": [
        {
          "schema_version": 1,
          "attributes": {
            "ami": "ami-053b0d53c279acc90",
            "arn": "arn:aws:ec2:us-east-1:602216824637:instance/i-0f8fb2653af600834",
            "associate_public_ip_address": false,
            "availability_zone": "us-east-1a",
            "capacity_reservation_specification": [
              {
                "capacity_reservation_preference": "open",
                "capacity_reservation_target": []
              }
            ],
            "cpu_core_count": 1,
            "cpu_options": [
              {
                "amd_sev_snp": "",
                "core_count": 1,
                "threads_per_core": 1
              }
            ],
            "cpu_threads_per_core": 1,
            "credit_specification": [
              {
                "cpu_credits": "standard"
              }
            ],
            "disable_api_stop": false,
            "disable_api_termination": false,
            "ebs_block_device": [],
            "ebs_optimized": false,
            "enable_primary_ipv6": null,
            "enclave_options": [
              {
                "enabled": false
              }
            ],
            "ephemeral_block_device": [],
            "get_password_data": false,
            "hibernation": false,
            "host_id": "",
            "host_resource_group_arn": null,
            "iam_instance_profile": "",
            "id": "i-0f8fb2653af600834",
            "instance_initiated_shutdown_behavior": "stop",
            "instance_lifecycle": "",
            "instance_market_options": [],
            "instance_state": "running",
            "instance_type": "t2.micro",
            "ipv6_address_count": 0,
            "ipv6_addresses": [],
            "key_name": "ssh-mensagl-2025-diegorr",
            "launch_template": [],
            "maintenance_options": [
              {
                "auto_recovery": "default"
              }
            ],
            "metadata_options": [
              {
                "http_endpoint": "enabled",
                "http_protocol_ipv6": "disabled",
                "http_put_response_hop_limit": 1,
                "http_tokens": "optional",
                "instance_metadata_tags": "disabled"
              }
            ],
            "monitoring": false,
            "network_interface": [],
            "outpost_arn": "",
            "password_data": "",
            "placement_group": "",
            "placement_partition_number": 0,
            "primary_network_interface_id": "eni-0914da14037f3477a",
            "private_dns": "ip-10-226-2-201.ec2.internal",
            "private_dns_name_options": [
              {
                "enable_resource_name_dns_a_record": false,
                "enable_resource_name_dns_aaaa_record": false,
                "hostname_type": "ip-name"
              }
            ],
            "private_ip": "10.226.2.201",
            "public_dns": "",
            "public_ip": "",
            "root_block_device": [
              {
                "delete_on_termination": true,
                "device_name": "/dev/sda1",
                "encrypted": false,
                "iops": 100,
                "kms_key_id": "",
                "tags": {},
                "tags_all": {},
                "throughput": 0,
                "volume_id": "vol-0f6181bbb1edc24b1",
                "volume_size": 8,
                "volume_type": "gp2"
              }
            ],
            "secondary_private_ips": [],
            "security_groups": [],
            "source_dest_check": true,
            "spot_instance_request_id": "",
            "subnet_id": "subnet-0ab8b4041da2a2785",
            "tags": {
              "Name": "Mysql_Openfire_esclavo"
            },
            "tags_all": {
              "Name": "Mysql_Openfire_esclavo"
            },
            "tenancy": "default",
            "timeouts": null,
            "user_data": "d89ccc35c675ddcf98652ca1838cb4abb936b4b3",
            "user_data_base64": null,
            "user_data_replace_on_change": false,
            "volume_tags": null,
            "vpc_security_group_ids": [
              "sg-04cdac337d5fc708c"
            ]
          },
          "sensitive_attributes": [],
          "private": "eyJlMmJmYjczMC1lY2FhLTExZTYtOGY4OC0zNDM2M2JjN2M0YzAiOnsiY3JlYXRlIjo2MDAwMDAwMDAwMDAsImRlbGV0ZSI6MTIwMDAwMDAwMDAwMCwicmVhZCI6OTAwMDAwMDAwMDAwLCJ1cGRhdGUiOjYwMDAwMDAwMDAwMH0sInNjaGVtYV92ZXJzaW9uIjoiMSJ9",
          "dependencies": [
            "aws_instance.XMPP-database-maestro",
            "aws_instance.nginx",
            "aws_key_pair.ssh_key",
            "aws_security_group.sg_mysql",
            "aws_security_group.sg_nginx",
            "aws_security_group.sg_xmpp",
            "aws_subnet.private1",
            "aws_subnet.public1",
            "aws_vpc.main",
            "tls_private_key.ssh_key"
          ]
        }
      ]
    },
    {
      "mode": "managed",
      "type": "aws_instance",
      "name": "XMPP-openfire",
      "provider": "provider[\"registry.terraform.io/hashicorp/aws\"]",
      "instances": [
        {
          "schema_version": 1,
          "attributes": {
            "ami": "ami-053b0d53c279acc90",
            "arn": "arn:aws:ec2:us-east-1:602216824637:instance/i-071cb2a4f4686c371",
            "associate_public_ip_address": false,
            "availability_zone": "us-east-1a",
            "capacity_reservation_specification": [
              {
                "capacity_reservation_preference": "open",
                "capacity_reservation_target": []
              }
            ],
            "cpu_core_count": 1,
            "cpu_options": [
              {
                "amd_sev_snp": "",
                "core_count": 1,
                "threads_per_core": 1
              }
            ],
            "cpu_threads_per_core": 1,
            "credit_specification": [
              {
                "cpu_credits": "standard"
              }
            ],
            "disable_api_stop": false,
            "disable_api_termination": false,
            "ebs_block_device": [],
            "ebs_optimized": false,
            "enable_primary_ipv6": null,
            "enclave_options": [
              {
                "enabled": false
              }
            ],
            "ephemeral_block_device": [],
            "get_password_data": false,
            "hibernation": false,
            "host_id": "",
            "host_resource_group_arn": null,
            "iam_instance_profile": "",
            "id": "i-071cb2a4f4686c371",
            "instance_initiated_shutdown_behavior": "stop",
            "instance_lifecycle": "",
            "instance_market_options": [],
            "instance_state": "running",
            "instance_type": "t2.micro",
            "ipv6_address_count": 0,
            "ipv6_addresses": [],
            "key_name": "ssh-mensagl-2025-diegorr",
            "launch_template": [],
            "maintenance_options": [
              {
                "auto_recovery": "default"
              }
            ],
            "metadata_options": [
              {
                "http_endpoint": "enabled",
                "http_protocol_ipv6": "disabled",
                "http_put_response_hop_limit": 1,
                "http_tokens": "optional",
                "instance_metadata_tags": "disabled"
              }
            ],
            "monitoring": false,
            "network_interface": [],
            "outpost_arn": "",
            "password_data": "",
            "placement_group": "",
            "placement_partition_number": 0,
            "primary_network_interface_id": "eni-023d982051c625a7a",
            "private_dns": "ip-10-226-2-100.ec2.internal",
            "private_dns_name_options": [
              {
                "enable_resource_name_dns_a_record": false,
                "enable_resource_name_dns_aaaa_record": false,
                "hostname_type": "ip-name"
              }
            ],
            "private_ip": "10.226.2.100",
            "public_dns": "",
            "public_ip": "",
            "root_block_device": [
              {
                "delete_on_termination": true,
                "device_name": "/dev/sda1",
                "encrypted": false,
                "iops": 100,
                "kms_key_id": "",
                "tags": {},
                "tags_all": {},
                "throughput": 0,
                "volume_id": "vol-051ea1446d4e67286",
                "volume_size": 8,
                "volume_type": "gp2"
              }
            ],
            "secondary_private_ips": [],
            "security_groups": [],
            "source_dest_check": true,
            "spot_instance_request_id": "",
            "subnet_id": "subnet-0ab8b4041da2a2785",
            "tags": {
              "Name": "OPENFIRE"
            },
            "tags_all": {
              "Name": "OPENFIRE"
            },
            "tenancy": "default",
            "timeouts": null,
            "user_data": null,
            "user_data_base64": null,
            "user_data_replace_on_change": false,
            "volume_tags": null,
            "vpc_security_group_ids": [
              "sg-06f6bee0bdb48f36b"
            ]
          },
          "sensitive_attributes": [],
          "private": "eyJlMmJmYjczMC1lY2FhLTExZTYtOGY4OC0zNDM2M2JjN2M0YzAiOnsiY3JlYXRlIjo2MDAwMDAwMDAwMDAsImRlbGV0ZSI6MTIwMDAwMDAwMDAwMCwicmVhZCI6OTAwMDAwMDAwMDAwLCJ1cGRhdGUiOjYwMDAwMDAwMDAwMH0sInNjaGVtYV92ZXJzaW9uIjoiMSJ9",
          "dependencies": [
            "aws_instance.nginx",
            "aws_key_pair.ssh_key",
            "aws_security_group.sg_nginx",
            "aws_security_group.sg_xmpp",
            "aws_subnet.private1",
            "aws_subnet.public1",
            "aws_vpc.main",
            "tls_private_key.ssh_key"
          ]
        }
      ]
    },
    {
      "mode": "managed",
      "type": "aws_instance",
      "name": "nginx",
      "provider": "provider[\"registry.terraform.io/hashicorp/aws\"]",
      "instances": [
        {
          "schema_version": 1,
          "attributes": {
            "ami": "ami-053b0d53c279acc90",
            "arn": "arn:aws:ec2:us-east-1:602216824637:instance/i-06232eca95710e390",
            "associate_public_ip_address": true,
            "availability_zone": "us-east-1a",
            "capacity_reservation_specification": [
              {
                "capacity_reservation_preference": "open",
                "capacity_reservation_target": []
              }
            ],
            "cpu_core_count": 1,
            "cpu_options": [
              {
                "amd_sev_snp": "",
                "core_count": 1,
                "threads_per_core": 1
              }
            ],
            "cpu_threads_per_core": 1,
            "credit_specification": [
              {
                "cpu_credits": "standard"
              }
            ],
            "disable_api_stop": false,
            "disable_api_termination": false,
            "ebs_block_device": [],
            "ebs_optimized": false,
            "enable_primary_ipv6": null,
            "enclave_options": [
              {
                "enabled": false
              }
            ],
            "ephemeral_block_device": [],
            "get_password_data": false,
            "hibernation": false,
            "host_id": "",
            "host_resource_group_arn": null,
            "iam_instance_profile": "",
            "id": "i-06232eca95710e390",
            "instance_initiated_shutdown_behavior": "stop",
            "instance_lifecycle": "",
            "instance_market_options": [],
            "instance_state": "running",
            "instance_type": "t2.micro",
            "ipv6_address_count": 0,
            "ipv6_addresses": [],
            "key_name": "ssh-mensagl-2025-diegorr",
            "launch_template": [],
            "maintenance_options": [
              {
                "auto_recovery": "default"
              }
            ],
            "metadata_options": [
              {
                "http_endpoint": "enabled",
                "http_protocol_ipv6": "disabled",
                "http_put_response_hop_limit": 1,
                "http_tokens": "optional",
                "instance_metadata_tags": "disabled"
              }
            ],
            "monitoring": false,
            "network_interface": [],
            "outpost_arn": "",
            "password_data": "",
            "placement_group": "",
            "placement_partition_number": 0,
            "primary_network_interface_id": "eni-0a63a4dc221e913cd",
            "private_dns": "ip-10-226-1-10.ec2.internal",
            "private_dns_name_options": [
              {
                "enable_resource_name_dns_a_record": false,
                "enable_resource_name_dns_aaaa_record": false,
                "hostname_type": "ip-name"
              }
            ],
            "private_ip": "10.226.1.10",
            "public_dns": "ec2-52-203-219-190.compute-1.amazonaws.com",
            "public_ip": "52.203.219.190",
            "root_block_device": [
              {
                "delete_on_termination": true,
                "device_name": "/dev/sda1",
                "encrypted": false,
                "iops": 100,
                "kms_key_id": "",
                "tags": {},
                "tags_all": {},
                "throughput": 0,
                "volume_id": "vol-06ec3c6e7a3da4f8a",
                "volume_size": 8,
                "volume_type": "gp2"
              }
            ],
            "secondary_private_ips": [],
            "security_groups": [],
            "source_dest_check": true,
            "spot_instance_request_id": "",
            "subnet_id": "subnet-0407eb450ed4fc27e",
            "tags": {
              "Name": "Nginx"
            },
            "tags_all": {
              "Name": "Nginx"
            },
            "tenancy": "default",
            "timeouts": null,
            "user_data": null,
            "user_data_base64": null,
            "user_data_replace_on_change": false,
            "volume_tags": null,
            "vpc_security_group_ids": [
              "sg-06f6bee0bdb48f36b",
              "sg-0e8232d09388f923b"
            ]
          },
          "sensitive_attributes": [],
          "private": "eyJlMmJmYjczMC1lY2FhLTExZTYtOGY4OC0zNDM2M2JjN2M0YzAiOnsiY3JlYXRlIjo2MDAwMDAwMDAwMDAsImRlbGV0ZSI6MTIwMDAwMDAwMDAwMCwicmVhZCI6OTAwMDAwMDAwMDAwLCJ1cGRhdGUiOjYwMDAwMDAwMDAwMH0sInNjaGVtYV92ZXJzaW9uIjoiMSJ9",
          "dependencies": [
            "aws_key_pair.ssh_key",
            "aws_security_group.sg_nginx",
            "aws_security_group.sg_xmpp",
            "aws_subnet.public1",
            "aws_vpc.main",
            "tls_private_key.ssh_key"
          ]
        }
      ]
    },
    {
      "mode": "managed",
      "type": "aws_instance",
      "name": "nginx_fallback",
      "provider": "provider[\"registry.terraform.io/hashicorp/aws\"]",
      "instances": [
        {
          "schema_version": 1,
          "attributes": {
            "ami": "ami-053b0d53c279acc90",
            "arn": "arn:aws:ec2:us-east-1:602216824637:instance/i-03b43772ad0a1f883",
            "associate_public_ip_address": true,
            "availability_zone": "us-east-1a",
            "capacity_reservation_specification": [
              {
                "capacity_reservation_preference": "open",
                "capacity_reservation_target": []
              }
            ],
            "cpu_core_count": 1,
            "cpu_options": [
              {
                "amd_sev_snp": "",
                "core_count": 1,
                "threads_per_core": 1
              }
            ],
            "cpu_threads_per_core": 1,
            "credit_specification": [
              {
                "cpu_credits": "standard"
              }
            ],
            "disable_api_stop": false,
            "disable_api_termination": false,
            "ebs_block_device": [],
            "ebs_optimized": false,
            "enable_primary_ipv6": null,
            "enclave_options": [
              {
                "enabled": false
              }
            ],
            "ephemeral_block_device": [],
            "get_password_data": false,
            "hibernation": false,
            "host_id": "",
            "host_resource_group_arn": null,
            "iam_instance_profile": "",
            "id": "i-03b43772ad0a1f883",
            "instance_initiated_shutdown_behavior": "stop",
            "instance_lifecycle": "",
            "instance_market_options": [],
            "instance_state": "running",
            "instance_type": "t2.micro",
            "ipv6_address_count": 0,
            "ipv6_addresses": [],
            "key_name": "ssh-mensagl-2025-diegorr",
            "launch_template": [],
            "maintenance_options": [
              {
                "auto_recovery": "default"
              }
            ],
            "metadata_options": [
              {
                "http_endpoint": "enabled",
                "http_protocol_ipv6": "disabled",
                "http_put_response_hop_limit": 1,
                "http_tokens": "optional",
                "instance_metadata_tags": "disabled"
              }
            ],
            "monitoring": false,
            "network_interface": [],
            "outpost_arn": "",
            "password_data": "",
            "placement_group": "",
            "placement_partition_number": 0,
            "primary_network_interface_id": "eni-03493ff4fd35dfa4c",
            "private_dns": "ip-10-226-1-20.ec2.internal",
            "private_dns_name_options": [
              {
                "enable_resource_name_dns_a_record": false,
                "enable_resource_name_dns_aaaa_record": false,
                "hostname_type": "ip-name"
              }
            ],
            "private_ip": "10.226.1.20",
            "public_dns": "ec2-3-87-69-8.compute-1.amazonaws.com",
            "public_ip": "3.87.69.8",
            "root_block_device": [
              {
                "delete_on_termination": true,
                "device_name": "/dev/sda1",
                "encrypted": false,
                "iops": 100,
                "kms_key_id": "",
                "tags": {},
                "tags_all": {},
                "throughput": 0,
                "volume_id": "vol-0733d3a3c87119b92",
                "volume_size": 8,
                "volume_type": "gp2"
              }
            ],
            "secondary_private_ips": [],
            "security_groups": [],
            "source_dest_check": true,
            "spot_instance_request_id": "",
            "subnet_id": "subnet-0407eb450ed4fc27e",
            "tags": {
              "Name": "Nginx_Fallback"
            },
            "tags_all": {
              "Name": "Nginx_Fallback"
            },
            "tenancy": "default",
            "timeouts": null,
            "user_data": null,
            "user_data_base64": null,
            "user_data_replace_on_change": false,
            "volume_tags": null,
            "vpc_security_group_ids": [
              "sg-06f6bee0bdb48f36b",
              "sg-0e8232d09388f923b"
            ]
          },
          "sensitive_attributes": [],
          "private": "eyJlMmJmYjczMC1lY2FhLTExZTYtOGY4OC0zNDM2M2JjN2M0YzAiOnsiY3JlYXRlIjo2MDAwMDAwMDAwMDAsImRlbGV0ZSI6MTIwMDAwMDAwMDAwMCwicmVhZCI6OTAwMDAwMDAwMDAwLCJ1cGRhdGUiOjYwMDAwMDAwMDAwMH0sInNjaGVtYV92ZXJzaW9uIjoiMSJ9",
          "dependencies": [
            "aws_instance.nginx",
            "aws_key_pair.ssh_key",
            "aws_security_group.sg_nginx",
            "aws_security_group.sg_xmpp",
            "aws_subnet.public1",
            "aws_vpc.main",
            "tls_private_key.ssh_key"
          ]
        }
      ]
    },
    {
      "mode": "managed",
      "type": "aws_internet_gateway",
      "name": "main",
      "provider": "provider[\"registry.terraform.io/hashicorp/aws\"]",
      "instances": [
        {
          "schema_version": 0,
          "attributes": {
            "arn": "arn:aws:ec2:us-east-1:602216824637:internet-gateway/igw-04f7b16733d515310",
            "id": "igw-04f7b16733d515310",
            "owner_id": "602216824637",
            "tags": {
              "Name": "vpc-mensagl-2025-diegorr-igw"
            },
            "tags_all": {
              "Name": "vpc-mensagl-2025-diegorr-igw"
            },
            "timeouts": null,
            "vpc_id": "vpc-0544536dd489a95f5"
          },
          "sensitive_attributes": [],
          "private": "eyJlMmJmYjczMC1lY2FhLTExZTYtOGY4OC0zNDM2M2JjN2M0YzAiOnsiY3JlYXRlIjoxMjAwMDAwMDAwMDAwLCJkZWxldGUiOjEyMDAwMDAwMDAwMDAsInVwZGF0ZSI6MTIwMDAwMDAwMDAwMH19",
          "dependencies": [
            "aws_vpc.main"
          ]
        }
      ]
    },
    {
      "mode": "managed",
      "type": "aws_key_pair",
      "name": "ssh_key",
      "provider": "provider[\"registry.terraform.io/hashicorp/aws\"]",
      "instances": [
        {
          "schema_version": 1,
          "attributes": {
            "arn": "arn:aws:ec2:us-east-1:602216824637:key-pair/ssh-mensagl-2025-diegorr",
            "fingerprint": "3f:ad:26:53:60:b8:de:d0:f3:26:e6:1b:f0:45:31:b2",
            "id": "ssh-mensagl-2025-diegorr",
            "key_name": "ssh-mensagl-2025-diegorr",
            "key_name_prefix": "",
            "key_pair_id": "key-0b0decd1fcd8a8829",
            "key_type": "rsa",
            "public_key": "ssh-rsa AAAAB3NzaC1yc2EAAAADAQABAAABAQC+nEpzpp2wMbFsQB82REi+Wv3bYZhbWXro7irSQAKPOfb0GYQetUhZmV305zqIbq7HXvb9DtGkXOLDsDLCQMUZRw1rdVdMfXgPrARCo67RFnLMKskwJCt3cZ758juUewicBre2X00N7rFRPIlCgsqE16cp/h9rzljonnY0kKKtXS3ZAr9EbHvl3SaRXAyuymPcyMLpjufg1hcE3K32Noo9/hAtT4rlOoecY2JVLPBEuXNgC0w3RBPNUxnD43D+YVGkV0Bia/0vnpR3vX7Srr4i7rr5l4tn6HWNgn71s9dn8it+Pn1ojI01k9Jy+OdhNTeLPZCHHKsbaIHe+nqXFER3",
            "tags": null,
            "tags_all": {}
          },
          "sensitive_attributes": [],
          "private": "eyJzY2hlbWFfdmVyc2lvbiI6IjEifQ==",
          "dependencies": [
            "tls_private_key.ssh_key"
          ]
        }
      ]
    },
    {
      "mode": "managed",
      "type": "aws_kms_alias",
      "name": "rds_backup_key_alias",
      "provider": "provider[\"registry.terraform.io/hashicorp/aws\"]",
      "instances": [
        {
          "schema_version": 0,
          "attributes": {
            "arn": "arn:aws:kms:us-east-1:602216824637:alias/rds-backup-key-diegorr",
            "id": "alias/rds-backup-key-diegorr",
            "name": "alias/rds-backup-key-diegorr",
            "name_prefix": "",
            "target_key_arn": "arn:aws:kms:us-east-1:602216824637:key/5e48c367-ae6f-4641-9be4-55d736bda0b2",
            "target_key_id": "5e48c367-ae6f-4641-9be4-55d736bda0b2"
          },
          "sensitive_attributes": [],
          "private": "bnVsbA==",
          "dependencies": [
            "aws_kms_key.default"
          ]
        }
      ]
    },
    {
      "mode": "managed",
      "type": "aws_kms_key",
      "name": "default",
      "provider": "provider[\"registry.terraform.io/hashicorp/aws\"]",
      "instances": [
        {
          "schema_version": 0,
          "attributes": {
            "arn": "arn:aws:kms:us-east-1:602216824637:key/5e48c367-ae6f-4641-9be4-55d736bda0b2",
            "bypass_policy_lockout_safety_check": false,
            "custom_key_store_id": "",
            "customer_master_key_spec": "SYMMETRIC_DEFAULT",
            "deletion_window_in_days": null,
            "description": "clave de encriptacion para RDS",
            "enable_key_rotation": false,
            "id": "5e48c367-ae6f-4641-9be4-55d736bda0b2",
            "is_enabled": true,
            "key_id": "5e48c367-ae6f-4641-9be4-55d736bda0b2",
            "key_usage": "ENCRYPT_DECRYPT",
            "multi_region": false,
            "policy": "{\"Id\":\"key-default-1\",\"Statement\":[{\"Action\":\"kms:*\",\"Effect\":\"Allow\",\"Principal\":{\"AWS\":\"arn:aws:iam::602216824637:root\"},\"Resource\":\"*\",\"Sid\":\"Enable IAM User Permissions\"}],\"Version\":\"2012-10-17\"}",
            "rotation_period_in_days": 0,
            "tags": {
              "Name": "rds-backup-key-diegorr"
            },
            "tags_all": {
              "Name": "rds-backup-key-diegorr"
            },
            "timeouts": null,
            "xks_key_id": ""
          },
          "sensitive_attributes": [],
          "private": "eyJlMmJmYjczMC1lY2FhLTExZTYtOGY4OC0zNDM2M2JjN2M0YzAiOnsiY3JlYXRlIjoxMjAwMDAwMDAwMDB9fQ=="
        }
      ]
    },
    {
      "mode": "managed",
      "type": "aws_nat_gateway",
      "name": "main",
      "provider": "provider[\"registry.terraform.io/hashicorp/aws\"]",
      "instances": [
        {
          "schema_version": 0,
          "attributes": {
            "allocation_id": "eipalloc-09e8cd1a0f044591a",
            "association_id": "eipassoc-07517a08c193ef0a2",
            "connectivity_type": "public",
            "id": "nat-0d4e3bb0bca112597",
            "network_interface_id": "eni-05eb51b47c7a887f3",
            "private_ip": "10.226.1.116",
            "public_ip": "107.20.215.38",
            "secondary_allocation_ids": null,
            "secondary_private_ip_address_count": 0,
            "secondary_private_ip_addresses": [],
            "subnet_id": "subnet-0407eb450ed4fc27e",
            "tags": {
              "Name": "vpc-mensagl-2025-diegorr-nat"
            },
            "tags_all": {
              "Name": "vpc-mensagl-2025-diegorr-nat"
            },
            "timeouts": null
          },
          "sensitive_attributes": [],
          "private": "eyJlMmJmYjczMC1lY2FhLTExZTYtOGY4OC0zNDM2M2JjN2M0YzAiOnsiY3JlYXRlIjo2MDAwMDAwMDAwMDAsImRlbGV0ZSI6MTgwMDAwMDAwMDAwMCwidXBkYXRlIjo2MDAwMDAwMDAwMDB9fQ==",
          "dependencies": [
            "aws_eip.nat",
            "aws_subnet.public1",
            "aws_vpc.main"
          ]
        }
      ]
    },
    {
      "mode": "managed",
      "type": "aws_route_table",
      "name": "private1",
      "provider": "provider[\"registry.terraform.io/hashicorp/aws\"]",
      "instances": [
        {
          "schema_version": 0,
          "attributes": {
            "arn": "arn:aws:ec2:us-east-1:602216824637:route-table/rtb-0e1ddb0db9ea66d4b",
            "id": "rtb-0e1ddb0db9ea66d4b",
            "owner_id": "602216824637",
            "propagating_vgws": [],
            "route": [
              {
                "carrier_gateway_id": "",
                "cidr_block": "0.0.0.0/0",
                "core_network_arn": "",
                "destination_prefix_list_id": "",
                "egress_only_gateway_id": "",
                "gateway_id": "",
                "ipv6_cidr_block": "",
                "local_gateway_id": "",
                "nat_gateway_id": "nat-0d4e3bb0bca112597",
                "network_interface_id": "",
                "transit_gateway_id": "",
                "vpc_endpoint_id": "",
                "vpc_peering_connection_id": ""
              }
            ],
            "tags": {
              "Name": "vpc-mensagl-2025-diegorr-rtb-private1-us-east-1a"
            },
            "tags_all": {
              "Name": "vpc-mensagl-2025-diegorr-rtb-private1-us-east-1a"
            },
            "timeouts": null,
            "vpc_id": "vpc-0544536dd489a95f5"
          },
          "sensitive_attributes": [],
          "private": "eyJlMmJmYjczMC1lY2FhLTExZTYtOGY4OC0zNDM2M2JjN2M0YzAiOnsiY3JlYXRlIjozMDAwMDAwMDAwMDAsImRlbGV0ZSI6MzAwMDAwMDAwMDAwLCJ1cGRhdGUiOjEyMDAwMDAwMDAwMH19",
          "dependencies": [
            "aws_eip.nat",
            "aws_nat_gateway.main",
            "aws_subnet.public1",
            "aws_vpc.main"
          ]
        }
      ]
    },
    {
      "mode": "managed",
      "type": "aws_route_table",
      "name": "private2",
      "provider": "provider[\"registry.terraform.io/hashicorp/aws\"]",
      "instances": [
        {
          "schema_version": 0,
          "attributes": {
            "arn": "arn:aws:ec2:us-east-1:602216824637:route-table/rtb-0b38eea7f5750e838",
            "id": "rtb-0b38eea7f5750e838",
            "owner_id": "602216824637",
            "propagating_vgws": [],
            "route": [
              {
                "carrier_gateway_id": "",
                "cidr_block": "0.0.0.0/0",
                "core_network_arn": "",
                "destination_prefix_list_id": "",
                "egress_only_gateway_id": "",
                "gateway_id": "",
                "ipv6_cidr_block": "",
                "local_gateway_id": "",
                "nat_gateway_id": "nat-0d4e3bb0bca112597",
                "network_interface_id": "",
                "transit_gateway_id": "",
                "vpc_endpoint_id": "",
                "vpc_peering_connection_id": ""
              }
            ],
            "tags": {
              "Name": "vpc-mensagl-2025-diegorr-rtb-private2-us-east-1b"
            },
            "tags_all": {
              "Name": "vpc-mensagl-2025-diegorr-rtb-private2-us-east-1b"
            },
            "timeouts": null,
            "vpc_id": "vpc-0544536dd489a95f5"
          },
          "sensitive_attributes": [],
          "private": "eyJlMmJmYjczMC1lY2FhLTExZTYtOGY4OC0zNDM2M2JjN2M0YzAiOnsiY3JlYXRlIjozMDAwMDAwMDAwMDAsImRlbGV0ZSI6MzAwMDAwMDAwMDAwLCJ1cGRhdGUiOjEyMDAwMDAwMDAwMH19",
          "dependencies": [
            "aws_eip.nat",
            "aws_nat_gateway.main",
            "aws_subnet.public1",
            "aws_vpc.main"
          ]
        }
      ]
    },
    {
      "mode": "managed",
      "type": "aws_route_table",
      "name": "public",
      "provider": "provider[\"registry.terraform.io/hashicorp/aws\"]",
      "instances": [
        {
          "schema_version": 0,
          "attributes": {
            "arn": "arn:aws:ec2:us-east-1:602216824637:route-table/rtb-0012efee4f96c98c8",
            "id": "rtb-0012efee4f96c98c8",
            "owner_id": "602216824637",
            "propagating_vgws": [],
            "route": [
              {
                "carrier_gateway_id": "",
                "cidr_block": "0.0.0.0/0",
                "core_network_arn": "",
                "destination_prefix_list_id": "",
                "egress_only_gateway_id": "",
                "gateway_id": "igw-04f7b16733d515310",
                "ipv6_cidr_block": "",
                "local_gateway_id": "",
                "nat_gateway_id": "",
                "network_interface_id": "",
                "transit_gateway_id": "",
                "vpc_endpoint_id": "",
                "vpc_peering_connection_id": ""
              }
            ],
            "tags": {
              "Name": "vpc-mensagl-2025-diegorr-rtb-public"
            },
            "tags_all": {
              "Name": "vpc-mensagl-2025-diegorr-rtb-public"
            },
            "timeouts": null,
            "vpc_id": "vpc-0544536dd489a95f5"
          },
          "sensitive_attributes": [],
          "private": "eyJlMmJmYjczMC1lY2FhLTExZTYtOGY4OC0zNDM2M2JjN2M0YzAiOnsiY3JlYXRlIjozMDAwMDAwMDAwMDAsImRlbGV0ZSI6MzAwMDAwMDAwMDAwLCJ1cGRhdGUiOjEyMDAwMDAwMDAwMH19",
          "dependencies": [
            "aws_internet_gateway.main",
            "aws_vpc.main"
          ]
        }
      ]
    },
    {
      "mode": "managed",
      "type": "aws_route_table_association",
      "name": "assoc_private1",
      "provider": "provider[\"registry.terraform.io/hashicorp/aws\"]",
      "instances": [
        {
          "schema_version": 0,
          "attributes": {
            "gateway_id": "",
            "id": "rtbassoc-0e92935fe3c47a7c3",
            "route_table_id": "rtb-0e1ddb0db9ea66d4b",
            "subnet_id": "subnet-0ab8b4041da2a2785",
            "timeouts": null
          },
          "sensitive_attributes": [],
          "private": "eyJlMmJmYjczMC1lY2FhLTExZTYtOGY4OC0zNDM2M2JjN2M0YzAiOnsiY3JlYXRlIjozMDAwMDAwMDAwMDAsImRlbGV0ZSI6MzAwMDAwMDAwMDAwLCJ1cGRhdGUiOjEyMDAwMDAwMDAwMH19",
          "dependencies": [
            "aws_eip.nat",
            "aws_nat_gateway.main",
            "aws_route_table.private1",
            "aws_subnet.private1",
            "aws_subnet.public1",
            "aws_vpc.main"
          ]
        }
      ]
    },
    {
      "mode": "managed",
      "type": "aws_route_table_association",
      "name": "assoc_private2",
      "provider": "provider[\"registry.terraform.io/hashicorp/aws\"]",
      "instances": [
        {
          "schema_version": 0,
          "attributes": {
            "gateway_id": "",
            "id": "rtbassoc-0a9d359cd9a543d49",
            "route_table_id": "rtb-0b38eea7f5750e838",
            "subnet_id": "subnet-0cf9da0526d5a37df",
            "timeouts": null
          },
          "sensitive_attributes": [],
          "private": "eyJlMmJmYjczMC1lY2FhLTExZTYtOGY4OC0zNDM2M2JjN2M0YzAiOnsiY3JlYXRlIjozMDAwMDAwMDAwMDAsImRlbGV0ZSI6MzAwMDAwMDAwMDAwLCJ1cGRhdGUiOjEyMDAwMDAwMDAwMH19",
          "dependencies": [
            "aws_eip.nat",
            "aws_nat_gateway.main",
            "aws_route_table.private2",
            "aws_subnet.private2",
            "aws_subnet.public1",
            "aws_vpc.main"
          ]
        }
      ]
    },
    {
      "mode": "managed",
      "type": "aws_route_table_association",
      "name": "assoc_public1",
      "provider": "provider[\"registry.terraform.io/hashicorp/aws\"]",
      "instances": [
        {
          "schema_version": 0,
          "attributes": {
            "gateway_id": "",
            "id": "rtbassoc-01aec6f426719472b",
            "route_table_id": "rtb-0012efee4f96c98c8",
            "subnet_id": "subnet-0407eb450ed4fc27e",
            "timeouts": null
          },
          "sensitive_attributes": [],
          "private": "eyJlMmJmYjczMC1lY2FhLTExZTYtOGY4OC0zNDM2M2JjN2M0YzAiOnsiY3JlYXRlIjozMDAwMDAwMDAwMDAsImRlbGV0ZSI6MzAwMDAwMDAwMDAwLCJ1cGRhdGUiOjEyMDAwMDAwMDAwMH19",
          "dependencies": [
            "aws_internet_gateway.main",
            "aws_route_table.public",
            "aws_subnet.public1",
            "aws_vpc.main"
          ]
        }
      ]
    },
    {
      "mode": "managed",
      "type": "aws_security_group",
      "name": "MySQL_sg",
      "provider": "provider[\"registry.terraform.io/hashicorp/aws\"]",
      "instances": [
        {
          "schema_version": 1,
          "attributes": {
            "arn": "arn:aws:ec2:us-east-1:602216824637:security-group/sg-032f58c8505b0d0a9",
            "description": "Trafico a mysql",
            "egress": [
              {
                "cidr_blocks": [
                  "0.0.0.0/0"
                ],
                "description": "",
                "from_port": 0,
                "ipv6_cidr_blocks": [],
                "prefix_list_ids": [],
                "protocol": "-1",
                "security_groups": [],
                "self": false,
                "to_port": 0
              }
            ],
            "id": "sg-032f58c8505b0d0a9",
            "ingress": [
              {
                "cidr_blocks": [
                  "0.0.0.0/0"
                ],
                "description": "",
                "from_port": 3306,
                "ipv6_cidr_blocks": [],
                "prefix_list_ids": [],
                "protocol": "tcp",
                "security_groups": [],
                "self": false,
                "to_port": 3306
              }
            ],
            "name": "MySQL_sg",
            "name_prefix": "",
            "owner_id": "602216824637",
            "revoke_rules_on_delete": false,
            "tags": null,
            "tags_all": {},
            "timeouts": null,
            "vpc_id": "vpc-00b3221694cb98a81"
          },
          "sensitive_attributes": [],
          "private": "eyJlMmJmYjczMC1lY2FhLTExZTYtOGY4OC0zNDM2M2JjN2M0YzAiOnsiY3JlYXRlIjo2MDAwMDAwMDAwMDAsImRlbGV0ZSI6OTAwMDAwMDAwMDAwfSwic2NoZW1hX3ZlcnNpb24iOiIxIn0="
        }
      ]
    },
    {
      "mode": "managed",
      "type": "aws_security_group",
      "name": "sg_cms",
      "provider": "provider[\"registry.terraform.io/hashicorp/aws\"]",
      "instances": [
        {
          "schema_version": 1,
          "attributes": {
            "arn": "arn:aws:ec2:us-east-1:602216824637:security-group/sg-0b4f31e6de8fdfd7b",
            "description": "Security group for CMS cluster",
            "egress": [
              {
                "cidr_blocks": [
                  "0.0.0.0/0"
                ],
                "description": "",
                "from_port": 0,
                "ipv6_cidr_blocks": [],
                "prefix_list_ids": [],
                "protocol": "-1",
                "security_groups": [],
                "self": false,
                "to_port": 0
              }
            ],
            "id": "sg-0b4f31e6de8fdfd7b",
            "ingress": [
              {
                "cidr_blocks": [
                  "0.0.0.0/0"
                ],
                "description": "",
                "from_port": 22,
                "ipv6_cidr_blocks": [],
                "prefix_list_ids": [],
                "protocol": "tcp",
                "security_groups": [],
                "self": false,
                "to_port": 22
              },
              {
                "cidr_blocks": [
                  "0.0.0.0/0"
                ],
                "description": "",
                "from_port": 443,
                "ipv6_cidr_blocks": [],
                "prefix_list_ids": [],
                "protocol": "tcp",
                "security_groups": [],
                "self": false,
                "to_port": 443
              },
              {
                "cidr_blocks": [
                  "0.0.0.0/0"
                ],
                "description": "",
                "from_port": 80,
                "ipv6_cidr_blocks": [],
                "prefix_list_ids": [],
                "protocol": "tcp",
                "security_groups": [],
                "self": false,
                "to_port": 80
              }
            ],
            "name": "sg_cms",
            "name_prefix": "",
            "owner_id": "602216824637",
            "revoke_rules_on_delete": false,
            "tags": {
              "Name": "sg_cms"
            },
            "tags_all": {
              "Name": "sg_cms"
            },
            "timeouts": null,
            "vpc_id": "vpc-0544536dd489a95f5"
          },
          "sensitive_attributes": [],
          "private": "eyJlMmJmYjczMC1lY2FhLTExZTYtOGY4OC0zNDM2M2JjN2M0YzAiOnsiY3JlYXRlIjo2MDAwMDAwMDAwMDAsImRlbGV0ZSI6OTAwMDAwMDAwMDAwfSwic2NoZW1hX3ZlcnNpb24iOiIxIn0=",
          "dependencies": [
            "aws_vpc.main"
          ]
        }
      ]
    },
    {
      "mode": "managed",
      "type": "aws_security_group",
      "name": "sg_mysql",
      "provider": "provider[\"registry.terraform.io/hashicorp/aws\"]",
      "instances": [
        {
          "schema_version": 1,
          "attributes": {
            "arn": "arn:aws:ec2:us-east-1:602216824637:security-group/sg-04cdac337d5fc708c",
            "description": "Grupo de seguridad para MySQL",
            "egress": [
              {
                "cidr_blocks": [
                  "0.0.0.0/0"
                ],
                "description": "",
                "from_port": 0,
                "ipv6_cidr_blocks": [],
                "prefix_list_ids": [],
                "protocol": "-1",
                "security_groups": [],
                "self": false,
                "to_port": 0
              }
            ],
            "id": "sg-04cdac337d5fc708c",
            "ingress": [
              {
                "cidr_blocks": [
                  "0.0.0.0/0"
                ],
                "description": "",
                "from_port": 22,
                "ipv6_cidr_blocks": [],
                "prefix_list_ids": [],
                "protocol": "tcp",
                "security_groups": [],
                "self": false,
                "to_port": 22
              },
              {
                "cidr_blocks": [
                  "0.0.0.0/0"
                ],
                "description": "",
                "from_port": 3306,
                "ipv6_cidr_blocks": [],
                "prefix_list_ids": [],
                "protocol": "tcp",
                "security_groups": [],
                "self": false,
                "to_port": 3306
              }
            ],
            "name": "sg_mysql",
            "name_prefix": "",
            "owner_id": "602216824637",
            "revoke_rules_on_delete": false,
            "tags": {
              "Name": "sg_mysql"
            },
            "tags_all": {
              "Name": "sg_mysql"
            },
            "timeouts": null,
            "vpc_id": "vpc-0544536dd489a95f5"
          },
          "sensitive_attributes": [],
          "private": "eyJlMmJmYjczMC1lY2FhLTExZTYtOGY4OC0zNDM2M2JjN2M0YzAiOnsiY3JlYXRlIjo2MDAwMDAwMDAwMDAsImRlbGV0ZSI6OTAwMDAwMDAwMDAwfSwic2NoZW1hX3ZlcnNpb24iOiIxIn0=",
          "dependencies": [
            "aws_vpc.main"
          ]
        }
      ]
    },
    {
      "mode": "managed",
      "type": "aws_security_group",
      "name": "sg_nas",
      "provider": "provider[\"registry.terraform.io/hashicorp/aws\"]",
      "instances": [
        {
          "schema_version": 1,
          "attributes": {
            "arn": "arn:aws:ec2:us-east-1:602216824637:security-group/sg-05ca5c6318221179d",
            "description": "Grupo de seguridad para NAS",
            "egress": [
              {
                "cidr_blocks": [
                  "0.0.0.0/0"
                ],
                "description": "",
                "from_port": 0,
                "ipv6_cidr_blocks": [],
                "prefix_list_ids": [],
                "protocol": "-1",
                "security_groups": [],
                "self": false,
                "to_port": 0
              }
            ],
            "id": "sg-05ca5c6318221179d",
            "ingress": [
              {
                "cidr_blocks": [
                  "0.0.0.0/0"
                ],
                "description": "",
                "from_port": 22,
                "ipv6_cidr_blocks": [],
                "prefix_list_ids": [],
                "protocol": "tcp",
                "security_groups": [],
                "self": false,
                "to_port": 22
              }
            ],
            "name": "sg_nas",
            "name_prefix": "",
            "owner_id": "602216824637",
            "revoke_rules_on_delete": false,
            "tags": {
              "Name": "sg_nas"
            },
            "tags_all": {
              "Name": "sg_nas"
            },
            "timeouts": null,
            "vpc_id": "vpc-0544536dd489a95f5"
          },
          "sensitive_attributes": [],
          "private": "eyJlMmJmYjczMC1lY2FhLTExZTYtOGY4OC0zNDM2M2JjN2M0YzAiOnsiY3JlYXRlIjo2MDAwMDAwMDAwMDAsImRlbGV0ZSI6OTAwMDAwMDAwMDAwfSwic2NoZW1hX3ZlcnNpb24iOiIxIn0=",
          "dependencies": [
            "aws_vpc.main"
          ]
        }
      ]
    },
    {
      "mode": "managed",
      "type": "aws_security_group",
      "name": "sg_nginx",
      "provider": "provider[\"registry.terraform.io/hashicorp/aws\"]",
      "instances": [
        {
          "schema_version": 1,
          "attributes": {
            "arn": "arn:aws:ec2:us-east-1:602216824637:security-group/sg-0e8232d09388f923b",
            "description": "Grupo de seguridad para nginx",
            "egress": [
              {
                "cidr_blocks": [
                  "0.0.0.0/0"
                ],
                "description": "",
                "from_port": 0,
                "ipv6_cidr_blocks": [],
                "prefix_list_ids": [],
                "protocol": "-1",
                "security_groups": [],
                "self": false,
                "to_port": 0
              }
            ],
            "id": "sg-0e8232d09388f923b",
            "ingress": [
              {
                "cidr_blocks": [
                  "0.0.0.0/0"
                ],
                "description": "",
                "from_port": 22,
                "ipv6_cidr_blocks": [],
                "prefix_list_ids": [],
                "protocol": "tcp",
                "security_groups": [],
                "self": false,
                "to_port": 22
              },
              {
                "cidr_blocks": [
                  "0.0.0.0/0"
                ],
                "description": "",
                "from_port": 443,
                "ipv6_cidr_blocks": [],
                "prefix_list_ids": [],
                "protocol": "tcp",
                "security_groups": [],
                "self": false,
                "to_port": 443
              },
              {
                "cidr_blocks": [
                  "0.0.0.0/0"
                ],
                "description": "",
                "from_port": 80,
                "ipv6_cidr_blocks": [],
                "prefix_list_ids": [],
                "protocol": "tcp",
                "security_groups": [],
                "self": false,
                "to_port": 80
              },
              {
                "cidr_blocks": [
                  "10.226.0.0/16"
                ],
                "description": "",
                "from_port": 3306,
                "ipv6_cidr_blocks": [],
                "prefix_list_ids": [],
                "protocol": "tcp",
                "security_groups": [],
                "self": false,
                "to_port": 3306
              }
            ],
            "name": "sg_nginx",
            "name_prefix": "",
            "owner_id": "602216824637",
            "revoke_rules_on_delete": false,
            "tags": {
              "Name": "sg_nginx"
            },
            "tags_all": {
              "Name": "sg_nginx"
            },
            "timeouts": null,
            "vpc_id": "vpc-0544536dd489a95f5"
          },
          "sensitive_attributes": [],
          "private": "eyJlMmJmYjczMC1lY2FhLTExZTYtOGY4OC0zNDM2M2JjN2M0YzAiOnsiY3JlYXRlIjo2MDAwMDAwMDAwMDAsImRlbGV0ZSI6OTAwMDAwMDAwMDAwfSwic2NoZW1hX3ZlcnNpb24iOiIxIn0=",
          "dependencies": [
            "aws_vpc.main"
          ]
        }
      ]
    },
    {
      "mode": "managed",
      "type": "aws_security_group",
      "name": "sg_xmpp",
      "provider": "provider[\"registry.terraform.io/hashicorp/aws\"]",
      "instances": [
        {
          "schema_version": 1,
          "attributes": {
            "arn": "arn:aws:ec2:us-east-1:602216824637:security-group/sg-06f6bee0bdb48f36b",
            "description": "Grupo de seguirdad para XMPP Openfire",
            "egress": [
              {
                "cidr_blocks": [
                  "0.0.0.0/0"
                ],
                "description": "",
                "from_port": 0,
                "ipv6_cidr_blocks": [],
                "prefix_list_ids": [],
                "protocol": "-1",
                "security_groups": [],
                "self": false,
                "to_port": 0
              }
            ],
            "id": "sg-06f6bee0bdb48f36b",
            "ingress": [
              {
                "cidr_blocks": [
                  "0.0.0.0/0"
                ],
                "description": "",
                "from_port": 22,
                "ipv6_cidr_blocks": [],
                "prefix_list_ids": [],
                "protocol": "tcp",
                "security_groups": [],
                "self": false,
                "to_port": 22
              },
              {
                "cidr_blocks": [
                  "0.0.0.0/0"
                ],
                "description": "",
                "from_port": 26001,
                "ipv6_cidr_blocks": [],
                "prefix_list_ids": [],
                "protocol": "udp",
                "security_groups": [],
                "self": false,
                "to_port": 27000
              },
              {
                "cidr_blocks": [
                  "0.0.0.0/0"
                ],
                "description": "",
                "from_port": 443,
                "ipv6_cidr_blocks": [],
                "prefix_list_ids": [],
                "protocol": "tcp",
                "security_groups": [],
                "self": false,
                "to_port": 443
              },
              {
                "cidr_blocks": [
                  "0.0.0.0/0"
                ],
                "description": "",
                "from_port": 50000,
                "ipv6_cidr_blocks": [],
                "prefix_list_ids": [],
                "protocol": "udp",
                "security_groups": [],
                "self": false,
                "to_port": 55000
              },
              {
                "cidr_blocks": [
                  "0.0.0.0/0"
                ],
                "description": "",
                "from_port": 5222,
                "ipv6_cidr_blocks": [],
                "prefix_list_ids": [],
                "protocol": "tcp",
                "security_groups": [],
                "self": false,
                "to_port": 5223
              },
              {
                "cidr_blocks": [
                  "0.0.0.0/0"
                ],
                "description": "",
                "from_port": 5262,
                "ipv6_cidr_blocks": [],
                "prefix_list_ids": [],
                "protocol": "tcp",
                "security_groups": [],
                "self": false,
                "to_port": 5263
              },
              {
                "cidr_blocks": [
                  "0.0.0.0/0"
                ],
                "description": "",
                "from_port": 5269,
                "ipv6_cidr_blocks": [],
                "prefix_list_ids": [],
                "protocol": "tcp",
                "security_groups": [],
                "self": false,
                "to_port": 5270
              },
              {
                "cidr_blocks": [
                  "0.0.0.0/0"
                ],
                "description": "",
                "from_port": 7070,
                "ipv6_cidr_blocks": [],
                "prefix_list_ids": [],
                "protocol": "tcp",
                "security_groups": [],
                "self": false,
                "to_port": 7070
              },
              {
                "cidr_blocks": [
                  "0.0.0.0/0"
                ],
                "description": "",
                "from_port": 7443,
                "ipv6_cidr_blocks": [],
                "prefix_list_ids": [],
                "protocol": "tcp",
                "security_groups": [],
                "self": false,
                "to_port": 7443
              },
              {
                "cidr_blocks": [
                  "0.0.0.0/0"
                ],
                "description": "",
                "from_port": 7777,
                "ipv6_cidr_blocks": [],
                "prefix_list_ids": [],
                "protocol": "tcp",
                "security_groups": [],
                "self": false,
                "to_port": 7777
              },
              {
                "cidr_blocks": [
                  "0.0.0.0/0"
                ],
                "description": "",
                "from_port": 80,
                "ipv6_cidr_blocks": [],
                "prefix_list_ids": [],
                "protocol": "tcp",
                "security_groups": [],
                "self": false,
                "to_port": 80
              },
              {
                "cidr_blocks": [
                  "0.0.0.0/0"
                ],
                "description": "",
                "from_port": 9090,
                "ipv6_cidr_blocks": [],
                "prefix_list_ids": [],
                "protocol": "tcp",
                "security_groups": [],
                "self": false,
                "to_port": 9091
              },
              {
                "cidr_blocks": [
                  "0.0.0.0/0"
                ],
                "description": "",
                "from_port": 9999,
                "ipv6_cidr_blocks": [],
                "prefix_list_ids": [],
                "protocol": "udp",
                "security_groups": [],
                "self": false,
                "to_port": 9999
              }
            ],
            "name": "sg_xmpp",
            "name_prefix": "",
            "owner_id": "602216824637",
            "revoke_rules_on_delete": false,
            "tags": {
              "Name": "sg_xmpp"
            },
            "tags_all": {
              "Name": "sg_xmpp"
            },
            "timeouts": null,
            "vpc_id": "vpc-0544536dd489a95f5"
          },
          "sensitive_attributes": [],
          "private": "eyJlMmJmYjczMC1lY2FhLTExZTYtOGY4OC0zNDM2M2JjN2M0YzAiOnsiY3JlYXRlIjo2MDAwMDAwMDAwMDAsImRlbGV0ZSI6OTAwMDAwMDAwMDAwfSwic2NoZW1hX3ZlcnNpb24iOiIxIn0=",
          "dependencies": [
            "aws_vpc.main"
          ]
        }
      ]
    },
    {
      "mode": "managed",
      "type": "aws_subnet",
      "name": "private1",
      "provider": "provider[\"registry.terraform.io/hashicorp/aws\"]",
      "instances": [
        {
          "schema_version": 1,
          "attributes": {
            "arn": "arn:aws:ec2:us-east-1:602216824637:subnet/subnet-0ab8b4041da2a2785",
            "assign_ipv6_address_on_creation": false,
            "availability_zone": "us-east-1a",
            "availability_zone_id": "use1-az2",
            "cidr_block": "10.226.2.0/24",
            "customer_owned_ipv4_pool": "",
            "enable_dns64": false,
            "enable_lni_at_device_index": 0,
            "enable_resource_name_dns_a_record_on_launch": false,
            "enable_resource_name_dns_aaaa_record_on_launch": false,
            "id": "subnet-0ab8b4041da2a2785",
            "ipv6_cidr_block": "",
            "ipv6_cidr_block_association_id": "",
            "ipv6_native": false,
            "map_customer_owned_ip_on_launch": false,
            "map_public_ip_on_launch": false,
            "outpost_arn": "",
            "owner_id": "602216824637",
            "private_dns_hostname_type_on_launch": "ip-name",
            "tags": {
              "Name": "vpc-mensagl-2025-diegorr-subnet-private1-us-east-1a"
            },
            "tags_all": {
              "Name": "vpc-mensagl-2025-diegorr-subnet-private1-us-east-1a"
            },
            "timeouts": null,
            "vpc_id": "vpc-0544536dd489a95f5"
          },
          "sensitive_attributes": [],
          "private": "eyJlMmJmYjczMC1lY2FhLTExZTYtOGY4OC0zNDM2M2JjN2M0YzAiOnsiY3JlYXRlIjo2MDAwMDAwMDAwMDAsImRlbGV0ZSI6MTIwMDAwMDAwMDAwMH0sInNjaGVtYV92ZXJzaW9uIjoiMSJ9",
          "dependencies": [
            "aws_vpc.main"
          ]
        }
      ]
    },
    {
      "mode": "managed",
      "type": "aws_subnet",
      "name": "private2",
      "provider": "provider[\"registry.terraform.io/hashicorp/aws\"]",
      "instances": [
        {
          "schema_version": 1,
          "attributes": {
            "arn": "arn:aws:ec2:us-east-1:602216824637:subnet/subnet-0cf9da0526d5a37df",
            "assign_ipv6_address_on_creation": false,
            "availability_zone": "us-east-1b",
            "availability_zone_id": "use1-az4",
            "cidr_block": "10.226.3.0/24",
            "customer_owned_ipv4_pool": "",
            "enable_dns64": false,
            "enable_lni_at_device_index": 0,
            "enable_resource_name_dns_a_record_on_launch": false,
            "enable_resource_name_dns_aaaa_record_on_launch": false,
            "id": "subnet-0cf9da0526d5a37df",
            "ipv6_cidr_block": "",
            "ipv6_cidr_block_association_id": "",
            "ipv6_native": false,
            "map_customer_owned_ip_on_launch": false,
            "map_public_ip_on_launch": false,
            "outpost_arn": "",
            "owner_id": "602216824637",
            "private_dns_hostname_type_on_launch": "ip-name",
            "tags": {
              "Name": "vpc-mensagl-2025-diegorr-subnet-private2-us-east-1b"
            },
            "tags_all": {
              "Name": "vpc-mensagl-2025-diegorr-subnet-private2-us-east-1b"
            },
            "timeouts": null,
            "vpc_id": "vpc-0544536dd489a95f5"
          },
          "sensitive_attributes": [],
          "private": "eyJlMmJmYjczMC1lY2FhLTExZTYtOGY4OC0zNDM2M2JjN2M0YzAiOnsiY3JlYXRlIjo2MDAwMDAwMDAwMDAsImRlbGV0ZSI6MTIwMDAwMDAwMDAwMH0sInNjaGVtYV92ZXJzaW9uIjoiMSJ9",
          "dependencies": [
            "aws_vpc.main"
          ]
        }
      ]
    },
    {
      "mode": "managed",
      "type": "aws_subnet",
      "name": "public1",
      "provider": "provider[\"registry.terraform.io/hashicorp/aws\"]",
      "instances": [
        {
          "schema_version": 1,
          "attributes": {
            "arn": "arn:aws:ec2:us-east-1:602216824637:subnet/subnet-0407eb450ed4fc27e",
            "assign_ipv6_address_on_creation": false,
            "availability_zone": "us-east-1a",
            "availability_zone_id": "use1-az2",
            "cidr_block": "10.226.1.0/24",
            "customer_owned_ipv4_pool": "",
            "enable_dns64": false,
            "enable_lni_at_device_index": 0,
            "enable_resource_name_dns_a_record_on_launch": false,
            "enable_resource_name_dns_aaaa_record_on_launch": false,
            "id": "subnet-0407eb450ed4fc27e",
            "ipv6_cidr_block": "",
            "ipv6_cidr_block_association_id": "",
            "ipv6_native": false,
            "map_customer_owned_ip_on_launch": false,
            "map_public_ip_on_launch": true,
            "outpost_arn": "",
            "owner_id": "602216824637",
            "private_dns_hostname_type_on_launch": "ip-name",
            "tags": {
              "Name": "vpc-mensagl-2025-diegorr-subnet-public1-us-east-1a"
            },
            "tags_all": {
              "Name": "vpc-mensagl-2025-diegorr-subnet-public1-us-east-1a"
            },
            "timeouts": null,
            "vpc_id": "vpc-0544536dd489a95f5"
          },
          "sensitive_attributes": [],
          "private": "eyJlMmJmYjczMC1lY2FhLTExZTYtOGY4OC0zNDM2M2JjN2M0YzAiOnsiY3JlYXRlIjo2MDAwMDAwMDAwMDAsImRlbGV0ZSI6MTIwMDAwMDAwMDAwMH0sInNjaGVtYV92ZXJzaW9uIjoiMSJ9",
          "dependencies": [
            "aws_vpc.main"
          ]
        }
      ]
    },
    {
      "mode": "managed",
      "type": "aws_volume_attachment",
      "name": "volume1_attachment",
      "provider": "provider[\"registry.terraform.io/hashicorp/aws\"]",
      "instances": [
        {
          "schema_version": 0,
          "attributes": {
            "device_name": "/dev/sdf",
            "force_detach": null,
            "id": "vai-774385927",
            "instance_id": "i-0a4434316436df958",
            "skip_destroy": null,
            "stop_instance_before_detaching": null,
            "timeouts": null,
            "volume_id": "vol-002917a397e90d02a"
          },
          "sensitive_attributes": [],
          "private": "eyJlMmJmYjczMC1lY2FhLTExZTYtOGY4OC0zNDM2M2JjN2M0YzAiOnsiY3JlYXRlIjozMDAwMDAwMDAwMDAsImRlbGV0ZSI6MzAwMDAwMDAwMDAwfX0=",
          "dependencies": [
            "aws_ebs_volume.volume1",
            "aws_ebs_volume.volume2",
            "aws_instance.NAS",
            "aws_instance.nginx",
            "aws_key_pair.ssh_key",
            "aws_security_group.sg_nas",
            "aws_security_group.sg_nginx",
            "aws_security_group.sg_xmpp",
            "aws_subnet.private1",
            "aws_subnet.private2",
            "aws_subnet.public1",
            "aws_vpc.main",
            "tls_private_key.ssh_key"
          ]
        }
      ]
    },
    {
      "mode": "managed",
      "type": "aws_volume_attachment",
      "name": "volume2_attachment",
      "provider": "provider[\"registry.terraform.io/hashicorp/aws\"]",
      "instances": [
        {
          "schema_version": 0,
          "attributes": {
            "device_name": "/dev/sdg",
            "force_detach": null,
            "id": "vai-1768834554",
            "instance_id": "i-0a4434316436df958",
            "skip_destroy": null,
            "stop_instance_before_detaching": null,
            "timeouts": null,
            "volume_id": "vol-0fffe2da2cb7939b7"
          },
          "sensitive_attributes": [],
          "private": "eyJlMmJmYjczMC1lY2FhLTExZTYtOGY4OC0zNDM2M2JjN2M0YzAiOnsiY3JlYXRlIjozMDAwMDAwMDAwMDAsImRlbGV0ZSI6MzAwMDAwMDAwMDAwfX0=",
          "dependencies": [
            "aws_ebs_volume.volume1",
            "aws_ebs_volume.volume2",
            "aws_instance.NAS",
            "aws_instance.nginx",
            "aws_key_pair.ssh_key",
            "aws_security_group.sg_nas",
            "aws_security_group.sg_nginx",
            "aws_security_group.sg_xmpp",
            "aws_subnet.private1",
            "aws_subnet.private2",
            "aws_subnet.public1",
            "aws_vpc.main",
            "tls_private_key.ssh_key"
          ]
        }
      ]
    },
    {
      "mode": "managed",
      "type": "aws_vpc",
      "name": "main",
      "provider": "provider[\"registry.terraform.io/hashicorp/aws\"]",
      "instances": [
        {
          "schema_version": 1,
          "attributes": {
            "arn": "arn:aws:ec2:us-east-1:602216824637:vpc/vpc-0544536dd489a95f5",
            "assign_generated_ipv6_cidr_block": false,
            "cidr_block": "10.226.0.0/16",
            "default_network_acl_id": "acl-0c37f8bb3710094eb",
            "default_route_table_id": "rtb-0214e9f0f4d826313",
            "default_security_group_id": "sg-0cb1d07b846689458",
            "dhcp_options_id": "dopt-05855cc9c684fc512",
            "enable_dns_hostnames": true,
            "enable_dns_support": true,
            "enable_network_address_usage_metrics": false,
            "id": "vpc-0544536dd489a95f5",
            "instance_tenancy": "default",
            "ipv4_ipam_pool_id": null,
            "ipv4_netmask_length": null,
            "ipv6_association_id": "",
            "ipv6_cidr_block": "",
            "ipv6_cidr_block_network_border_group": "",
            "ipv6_ipam_pool_id": "",
            "ipv6_netmask_length": 0,
            "main_route_table_id": "rtb-0214e9f0f4d826313",
            "owner_id": "602216824637",
            "tags": {
              "Name": "vpc-mensagl-2025-diegorr-vpc"
            },
            "tags_all": {
              "Name": "vpc-mensagl-2025-diegorr-vpc"
            }
          },
          "sensitive_attributes": [],
          "private": "eyJzY2hlbWFfdmVyc2lvbiI6IjEifQ=="
        }
      ]
    },
    {
      "mode": "managed",
      "type": "local_file",
      "name": "private_key_file",
      "provider": "provider[\"registry.terraform.io/hashicorp/local\"]",
      "instances": [
        {
          "schema_version": 0,
          "attributes": {
            "content": "-----BEGIN RSA PRIVATE KEY-----\nMIIEpAIBAAKCAQEAvpxKc6adsDGxbEAfNkRIvlr922GYW1l66O4q0kACjzn29BmE\nHrVIWZld9Oc6iG6ux172/Q7RpFziw7AywkDFGUcNa3VXTH14D6wEQqOu0RZyzCrJ\nMCQrd3Ge+fI7lHsInAa3tl9NDe6xUTyJQoLKhNenKf4fa85Y6J52NJCirV0t2QK/\nRGx75d0mkVwMrspj3MjC6Y7n4NYXBNyt9jaKPf4QLU+K5TqHnGNiVSzwRLlzYAtM\nN0QTzVMZw+Nw/mFRpFdAYmv9L56Ud71+0q6+Iu66+ZeLZ+h1jYJ+9bPXZ/Irfj59\naIyNNZPScvjnYTU3iz2QhxyrG2iB3vp6lxREdwIDAQABAoIBAHyq3EcoAprq5ZBX\noBJuNuXJvZ9vBac5rxoKLBe3pfTnhI3C4pbzGo7/sGQtmCsDuWzMv95jgtptpiM3\navuCQWd3AV/3L1Hn/k7Bw0eSpxQ6CntewJesEIHe3ou70xwaHFdwTVgKnOsv4umv\nHldSFAMuyTa97u8j1yLOAaH/t2aLGiqwirnNn1HE4rWDF7qPnSOQuOinzrz8gHq1\na2gTY6/BAjppcw4IJ6ex8hWy0B10pvlHfjFOPW4LwOy3ahghHUNxhHSSKotkXJY4\nAbhKRevHxRc+SwGPK3rUOREWVZpJR1neHiejEHMmX24mDmeXZiS0GekSTf3i4nHO\nIOMENAECgYEA25L55DujtxWleCxaJhlrn67yAR7e2DiNcIIunonkPnhNRL0tgKdi\ndNnFxrrbHC8880B7DJSJy6CSZ3T4pMHmWz03Pf3XgQhk5sc7xQSDalFDa5qCpEOC\nM1/jrAJMV0LV459kdSXdo7yWty65WV/aw5lnPouHFgtn7SPMi4xvV5cCgYEA3jtE\npIEjNTF4cV3OUNuoNFhf/9k1UgqkNc3xxj2ZzHhbKa+Dhjsyb+4h/ixNltRiASOW\nCHI0mpFqgmITFSZW56jgUg1LxUULw1FmKF0+Wqm9XYUX8oO0oj/4JcSVnXpCZgxN\n/eflVPA0Utq4K2dHc0yOX5GiDuXbHsjXPxzFFiECgYEAlQnaXLSul2M2Aa/5MMso\nZicVVPVjRVh9iNSUWEA4kL6PlAzkieMTzUTUHeRPPX5C3Mnzu8JHFdRUC6016H9E\noMGYcZePY6IS+yJYy44YtV2babpi2qSIB98aZnLY5pITJIHYajvdiXpEwuoQHT4W\n+5Vwot+KPchYLnqSKFaWbNkCgYB24DtiyBV+Ud08v1Iq3KVIgvGvWZB1N24JvgWT\n5sXLo6IYVWPEvQvI5hhW73n9sdRPCasrD3RmLl1MK4xLpvub5jFAkw4yEzIso/FC\nrEY7l0rNqPFbb+qDVDa4dUUXPRwhnHln1dFOM0O6Ane79/43hf8uzidjUr944zSI\n9SnUIQKBgQCbQ2xTaj5RfqnPZWQMpDECTpaCzDzIs1u3lRDGBfXZUdBn8DbUkmuw\ncDVGchG1aqRdmibSrTREX7BjMQDsvZIYBO1Xll/SpY9WjwkHdEnObBIje8E2yQ8P\nrfSsN/zpMwRH4uS6pRXtaVxY0P+/qtczkQocszCYzi4VWJyJWYyQkA==\n-----END RSA PRIVATE KEY-----\n",
            "content_base64": null,
            "content_base64sha256": "4j9ZqwH74hVOUmFofjZegqAY9vNhzf6ZstUsIsHnAoM=",
            "content_base64sha512": "O2F53riapFz/PwZUj0tH+3/g2eVTYfPKPOwcFXguhE1b3Ypr+vTBtzTUVNwCbyWjPaB+BRvsYnPTyyIS/khVzg==",
            "content_md5": "755f9843841de5d788a5378b0b71b63f",
            "content_sha1": "6ec634a27d809a5203c97f45848e0b09983af2b3",
            "content_sha256": "e23f59ab01fbe2154e5261687e365e82a018f6f361cdfe99b2d52c22c1e70283",
            "content_sha512": "3b6179deb89aa45cff3f06548f4b47fb7fe0d9e55361f3ca3cec1c15782e844d5bdd8a6bfaf4c1b734d454dc026f25a33da07e051bec6273d3cb2212fe4855ce",
            "directory_permission": "0777",
            "file_permission": "0777",
            "filename": "./.ssh/./ssh-mensagl-2025-diegorr.pem",
            "id": "6ec634a27d809a5203c97f45848e0b09983af2b3",
            "sensitive_content": null,
            "source": null
          },
          "sensitive_attributes": [
            [
              {
                "type": "get_attr",
                "value": "sensitive_content"
              }
            ],
            [
              {
                "type": "get_attr",
                "value": "content"
              }
            ]
          ],
          "dependencies": [
            "tls_private_key.ssh_key"
          ]
        }
      ]
    },
    {
      "mode": "managed",
      "type": "tls_private_key",
      "name": "ssh_key",
      "provider": "provider[\"registry.terraform.io/hashicorp/tls\"]",
      "instances": [
        {
          "schema_version": 1,
          "attributes": {
            "algorithm": "RSA",
            "ecdsa_curve": "P224",
            "id": "ef626e86ac6160f42dc5932981fbf09e5896ed1e",
            "private_key_openssh": "-----BEGIN OPENSSH PRIVATE KEY-----\nb3BlbnNzaC1rZXktdjEAAAAABG5vbmUAAAAEbm9uZQAAAAAAAAABAAABFwAAAAdz\nc2gtcnNhAAAAAwEAAQAAAQEAvpxKc6adsDGxbEAfNkRIvlr922GYW1l66O4q0kAC\njzn29BmEHrVIWZld9Oc6iG6ux172/Q7RpFziw7AywkDFGUcNa3VXTH14D6wEQqOu\n0RZyzCrJMCQrd3Ge+fI7lHsInAa3tl9NDe6xUTyJQoLKhNenKf4fa85Y6J52NJCi\nrV0t2QK/RGx75d0mkVwMrspj3MjC6Y7n4NYXBNyt9jaKPf4QLU+K5TqHnGNiVSzw\nRLlzYAtMN0QTzVMZw+Nw/mFRpFdAYmv9L56Ud71+0q6+Iu66+ZeLZ+h1jYJ+9bPX\nZ/Irfj59aIyNNZPScvjnYTU3iz2QhxyrG2iB3vp6lxREdwAAA7hPpiRqT6YkagAA\nAAdzc2gtcnNhAAABAQC+nEpzpp2wMbFsQB82REi+Wv3bYZhbWXro7irSQAKPOfb0\nGYQetUhZmV305zqIbq7HXvb9DtGkXOLDsDLCQMUZRw1rdVdMfXgPrARCo67RFnLM\nKskwJCt3cZ758juUewicBre2X00N7rFRPIlCgsqE16cp/h9rzljonnY0kKKtXS3Z\nAr9EbHvl3SaRXAyuymPcyMLpjufg1hcE3K32Noo9/hAtT4rlOoecY2JVLPBEuXNg\nC0w3RBPNUxnD43D+YVGkV0Bia/0vnpR3vX7Srr4i7rr5l4tn6HWNgn71s9dn8it+\nPn1ojI01k9Jy+OdhNTeLPZCHHKsbaIHe+nqXFER3AAAAAwEAAQAAAQB8qtxHKAKa\n6uWQV6ASbjblyb2fbwWnOa8aCiwXt6X054SNwuKW8xqO/7BkLZgrA7lszL/eY4La\nbaYjN2r7gkFndwFf9y9R5/5OwcNHkqcUOgp7XsCXrBCB3t6Lu9McGhxXcE1YCpzr\nL+Lprx5XUhQDLsk2ve7vI9cizgGh/7dmixoqsIq5zZ9RxOK1gxe6j50jkLjop868\n/IB6tWtoE2OvwQI6aXMOCCensfIVstAddKb5R34xTj1uC8Dst2oYIR1DcYR0kiqL\nZFyWOAG4SkXrx8UXPksBjyt61DkRFlWaSUdZ3h4noxBzJl9uJg5nl2YktBnpEk39\n4uJxziDjBDQBAAAAgQCbQ2xTaj5RfqnPZWQMpDECTpaCzDzIs1u3lRDGBfXZUdBn\n8DbUkmuwcDVGchG1aqRdmibSrTREX7BjMQDsvZIYBO1Xll/SpY9WjwkHdEnObBIj\ne8E2yQ8PrfSsN/zpMwRH4uS6pRXtaVxY0P+/qtczkQocszCYzi4VWJyJWYyQkAAA\nAIEA25L55DujtxWleCxaJhlrn67yAR7e2DiNcIIunonkPnhNRL0tgKdidNnFxrrb\nHC8880B7DJSJy6CSZ3T4pMHmWz03Pf3XgQhk5sc7xQSDalFDa5qCpEOCM1/jrAJM\nV0LV459kdSXdo7yWty65WV/aw5lnPouHFgtn7SPMi4xvV5cAAACBAN47RKSBIzUx\neHFdzlDbqDRYX//ZNVIKpDXN8cY9mcx4Wymvg4Y7Mm/uIf4sTZbUYgEjlghyNJqR\naoJiExUmVueo4FINS8VFC8NRZihdPlqpvV2FF/KDtKI/+CXElZ16QmYMTf3n5VTw\nNFLauCtnR3NMjl+Rog7l2x7I1z8cxRYhAAAAAAEC\n-----END OPENSSH PRIVATE KEY-----\n",
            "private_key_pem": "-----BEGIN RSA PRIVATE KEY-----\nMIIEpAIBAAKCAQEAvpxKc6adsDGxbEAfNkRIvlr922GYW1l66O4q0kACjzn29BmE\nHrVIWZld9Oc6iG6ux172/Q7RpFziw7AywkDFGUcNa3VXTH14D6wEQqOu0RZyzCrJ\nMCQrd3Ge+fI7lHsInAa3tl9NDe6xUTyJQoLKhNenKf4fa85Y6J52NJCirV0t2QK/\nRGx75d0mkVwMrspj3MjC6Y7n4NYXBNyt9jaKPf4QLU+K5TqHnGNiVSzwRLlzYAtM\nN0QTzVMZw+Nw/mFRpFdAYmv9L56Ud71+0q6+Iu66+ZeLZ+h1jYJ+9bPXZ/Irfj59\naIyNNZPScvjnYTU3iz2QhxyrG2iB3vp6lxREdwIDAQABAoIBAHyq3EcoAprq5ZBX\noBJuNuXJvZ9vBac5rxoKLBe3pfTnhI3C4pbzGo7/sGQtmCsDuWzMv95jgtptpiM3\navuCQWd3AV/3L1Hn/k7Bw0eSpxQ6CntewJesEIHe3ou70xwaHFdwTVgKnOsv4umv\nHldSFAMuyTa97u8j1yLOAaH/t2aLGiqwirnNn1HE4rWDF7qPnSOQuOinzrz8gHq1\na2gTY6/BAjppcw4IJ6ex8hWy0B10pvlHfjFOPW4LwOy3ahghHUNxhHSSKotkXJY4\nAbhKRevHxRc+SwGPK3rUOREWVZpJR1neHiejEHMmX24mDmeXZiS0GekSTf3i4nHO\nIOMENAECgYEA25L55DujtxWleCxaJhlrn67yAR7e2DiNcIIunonkPnhNRL0tgKdi\ndNnFxrrbHC8880B7DJSJy6CSZ3T4pMHmWz03Pf3XgQhk5sc7xQSDalFDa5qCpEOC\nM1/jrAJMV0LV459kdSXdo7yWty65WV/aw5lnPouHFgtn7SPMi4xvV5cCgYEA3jtE\npIEjNTF4cV3OUNuoNFhf/9k1UgqkNc3xxj2ZzHhbKa+Dhjsyb+4h/ixNltRiASOW\nCHI0mpFqgmITFSZW56jgUg1LxUULw1FmKF0+Wqm9XYUX8oO0oj/4JcSVnXpCZgxN\n/eflVPA0Utq4K2dHc0yOX5GiDuXbHsjXPxzFFiECgYEAlQnaXLSul2M2Aa/5MMso\nZicVVPVjRVh9iNSUWEA4kL6PlAzkieMTzUTUHeRPPX5C3Mnzu8JHFdRUC6016H9E\noMGYcZePY6IS+yJYy44YtV2babpi2qSIB98aZnLY5pITJIHYajvdiXpEwuoQHT4W\n+5Vwot+KPchYLnqSKFaWbNkCgYB24DtiyBV+Ud08v1Iq3KVIgvGvWZB1N24JvgWT\n5sXLo6IYVWPEvQvI5hhW73n9sdRPCasrD3RmLl1MK4xLpvub5jFAkw4yEzIso/FC\nrEY7l0rNqPFbb+qDVDa4dUUXPRwhnHln1dFOM0O6Ane79/43hf8uzidjUr944zSI\n9SnUIQKBgQCbQ2xTaj5RfqnPZWQMpDECTpaCzDzIs1u3lRDGBfXZUdBn8DbUkmuw\ncDVGchG1aqRdmibSrTREX7BjMQDsvZIYBO1Xll/SpY9WjwkHdEnObBIje8E2yQ8P\nrfSsN/zpMwRH4uS6pRXtaVxY0P+/qtczkQocszCYzi4VWJyJWYyQkA==\n-----END RSA PRIVATE KEY-----\n",
            "private_key_pem_pkcs8": "-----BEGIN PRIVATE KEY-----\nMIIEvgIBADANBgkqhkiG9w0BAQEFAASCBKgwggSkAgEAAoIBAQC+nEpzpp2wMbFs\nQB82REi+Wv3bYZhbWXro7irSQAKPOfb0GYQetUhZmV305zqIbq7HXvb9DtGkXOLD\nsDLCQMUZRw1rdVdMfXgPrARCo67RFnLMKskwJCt3cZ758juUewicBre2X00N7rFR\nPIlCgsqE16cp/h9rzljonnY0kKKtXS3ZAr9EbHvl3SaRXAyuymPcyMLpjufg1hcE\n3K32Noo9/hAtT4rlOoecY2JVLPBEuXNgC0w3RBPNUxnD43D+YVGkV0Bia/0vnpR3\nvX7Srr4i7rr5l4tn6HWNgn71s9dn8it+Pn1ojI01k9Jy+OdhNTeLPZCHHKsbaIHe\n+nqXFER3AgMBAAECggEAfKrcRygCmurlkFegEm425cm9n28FpzmvGgosF7el9OeE\njcLilvMajv+wZC2YKwO5bMy/3mOC2m2mIzdq+4JBZ3cBX/cvUef+TsHDR5KnFDoK\ne17Al6wQgd7ei7vTHBocV3BNWAqc6y/i6a8eV1IUAy7JNr3u7yPXIs4Bof+3Zosa\nKrCKuc2fUcTitYMXuo+dI5C46KfOvPyAerVraBNjr8ECOmlzDggnp7HyFbLQHXSm\n+Ud+MU49bgvA7LdqGCEdQ3GEdJIqi2RcljgBuEpF68fFFz5LAY8retQ5ERZVmklH\nWd4eJ6MQcyZfbiYOZ5dmJLQZ6RJN/eLicc4g4wQ0AQKBgQDbkvnkO6O3FaV4LFom\nGWufrvIBHt7YOI1wgi6eieQ+eE1EvS2Ap2J02cXGutscLzzzQHsMlInLoJJndPik\nweZbPTc9/deBCGTmxzvFBINqUUNrmoKkQ4IzX+OsAkxXQtXjn2R1Jd2jvJa3LrlZ\nX9rDmWc+i4cWC2ftI8yLjG9XlwKBgQDeO0SkgSM1MXhxXc5Q26g0WF//2TVSCqQ1\nzfHGPZnMeFspr4OGOzJv7iH+LE2W1GIBI5YIcjSakWqCYhMVJlbnqOBSDUvFRQvD\nUWYoXT5aqb1dhRfyg7SiP/glxJWdekJmDE395+VU8DRS2rgrZ0dzTI5fkaIO5dse\nyNc/HMUWIQKBgQCVCdpctK6XYzYBr/kwyyhmJxVU9WNFWH2I1JRYQDiQvo+UDOSJ\n4xPNRNQd5E89fkLcyfO7wkcV1FQLrTXof0SgwZhxl49johL7IljLjhi1XZtpumLa\npIgH3xpmctjmkhMkgdhqO92JekTC6hAdPhb7lXCi34o9yFguepIoVpZs2QKBgHbg\nO2LIFX5R3Ty/UircpUiC8a9ZkHU3bgm+BZPmxcujohhVY8S9C8jmGFbvef2x1E8J\nqysPdGYuXUwrjEum+5vmMUCTDjITMiyj8UKsRjuXSs2o8Vtv6oNUNrh1RRc9HCGc\neWfV0U4zQ7oCd7v3/jeF/y7OJ2NSv3jjNIj1KdQhAoGBAJtDbFNqPlF+qc9lZAyk\nMQJOloLMPMizW7eVEMYF9dlR0GfwNtSSa7BwNUZyEbVqpF2aJtKtNERfsGMxAOy9\nkhgE7VeWX9Klj1aPCQd0Sc5sEiN7wTbJDw+t9Kw3/OkzBEfi5LqlFe1pXFjQ/7+q\n1zORChyzMJjOLhVYnIlZjJCQ\n-----END PRIVATE KEY-----\n",
            "public_key_fingerprint_md5": "b9:0c:32:7d:a3:63:6a:8c:e1:31:44:99:ed:25:6b:53",
            "public_key_fingerprint_sha256": "SHA256:rVXERS5uPML32lkjBbTDlJ2PWRO8w5r13M9E7ONIR0s",
            "public_key_openssh": "ssh-rsa AAAAB3NzaC1yc2EAAAADAQABAAABAQC+nEpzpp2wMbFsQB82REi+Wv3bYZhbWXro7irSQAKPOfb0GYQetUhZmV305zqIbq7HXvb9DtGkXOLDsDLCQMUZRw1rdVdMfXgPrARCo67RFnLMKskwJCt3cZ758juUewicBre2X00N7rFRPIlCgsqE16cp/h9rzljonnY0kKKtXS3ZAr9EbHvl3SaRXAyuymPcyMLpjufg1hcE3K32Noo9/hAtT4rlOoecY2JVLPBEuXNgC0w3RBPNUxnD43D+YVGkV0Bia/0vnpR3vX7Srr4i7rr5l4tn6HWNgn71s9dn8it+Pn1ojI01k9Jy+OdhNTeLPZCHHKsbaIHe+nqXFER3\n",
            "public_key_pem": "-----BEGIN PUBLIC KEY-----\nMIIBIjANBgkqhkiG9w0BAQEFAAOCAQ8AMIIBCgKCAQEAvpxKc6adsDGxbEAfNkRI\nvlr922GYW1l66O4q0kACjzn29BmEHrVIWZld9Oc6iG6ux172/Q7RpFziw7AywkDF\nGUcNa3VXTH14D6wEQqOu0RZyzCrJMCQrd3Ge+fI7lHsInAa3tl9NDe6xUTyJQoLK\nhNenKf4fa85Y6J52NJCirV0t2QK/RGx75d0mkVwMrspj3MjC6Y7n4NYXBNyt9jaK\nPf4QLU+K5TqHnGNiVSzwRLlzYAtMN0QTzVMZw+Nw/mFRpFdAYmv9L56Ud71+0q6+\nIu66+ZeLZ+h1jYJ+9bPXZ/Irfj59aIyNNZPScvjnYTU3iz2QhxyrG2iB3vp6lxRE\ndwIDAQAB\n-----END PUBLIC KEY-----\n",
            "rsa_bits": 2048
          },
          "sensitive_attributes": [
            [
              {
                "type": "get_attr",
                "value": "private_key_openssh"
              }
            ],
            [
              {
                "type": "get_attr",
                "value": "private_key_pem_pkcs8"
              }
            ],
            [
              {
                "type": "get_attr",
                "value": "private_key_pem"
              }
            ]
          ]
        }
      ]
    }
  ],
  "check_results": null
}
